// !$*UTF8*$!
{
	archiveVersion = 1;
	classes = {
	};
	objectVersion = 56;
	objects = {

/* Begin PBXBuildFile section */
		4A1EA9642A4B31DB0071F41E /* AppDelegate.swift in Sources */ = {isa = PBXBuildFile; fileRef = 4A1EA9632A4B31DB0071F41E /* AppDelegate.swift */; };
		4A1EA9662A4B31DB0071F41E /* SceneDelegate.swift in Sources */ = {isa = PBXBuildFile; fileRef = 4A1EA9652A4B31DB0071F41E /* SceneDelegate.swift */; };
		4A1EA9682A4B31DB0071F41E /* ViewController.swift in Sources */ = {isa = PBXBuildFile; fileRef = 4A1EA9672A4B31DB0071F41E /* ViewController.swift */; };
		4A1EA96B2A4B31DB0071F41E /* Main.storyboard in Resources */ = {isa = PBXBuildFile; fileRef = 4A1EA9692A4B31DB0071F41E /* Main.storyboard */; };
		4A1EA96D2A4B31DC0071F41E /* Assets.xcassets in Resources */ = {isa = PBXBuildFile; fileRef = 4A1EA96C2A4B31DC0071F41E /* Assets.xcassets */; };
		4A1EA9702A4B31DC0071F41E /* LaunchScreen.storyboard in Resources */ = {isa = PBXBuildFile; fileRef = 4A1EA96E2A4B31DC0071F41E /* LaunchScreen.storyboard */; };
		4A1EA97B2A4B31DC0071F41E /* start_feedTests.swift in Sources */ = {isa = PBXBuildFile; fileRef = 4A1EA97A2A4B31DC0071F41E /* start_feedTests.swift */; };
		4A1EA9852A4B31DC0071F41E /* start_feedUITests.swift in Sources */ = {isa = PBXBuildFile; fileRef = 4A1EA9842A4B31DC0071F41E /* start_feedUITests.swift */; };
		4A1EA9872A4B31DC0071F41E /* start_feedUITestsLaunchTests.swift in Sources */ = {isa = PBXBuildFile; fileRef = 4A1EA9862A4B31DC0071F41E /* start_feedUITestsLaunchTests.swift */; };
/* End PBXBuildFile section */

/* Begin PBXContainerItemProxy section */
		4A1EA9772A4B31DC0071F41E /* PBXContainerItemProxy */ = {
			isa = PBXContainerItemProxy;
			containerPortal = 4A1EA9582A4B31DB0071F41E /* Project object */;
			proxyType = 1;
			remoteGlobalIDString = 4A1EA95F2A4B31DB0071F41E;
			remoteInfo = start_feed;
		};
		4A1EA9812A4B31DC0071F41E /* PBXContainerItemProxy */ = {
			isa = PBXContainerItemProxy;
			containerPortal = 4A1EA9582A4B31DB0071F41E /* Project object */;
			proxyType = 1;
			remoteGlobalIDString = 4A1EA95F2A4B31DB0071F41E;
			remoteInfo = start_feed;
		};
/* End PBXContainerItemProxy section */

/* Begin PBXFileReference section */
		4A1EA9602A4B31DB0071F41E /* start_feed.app */ = {isa = PBXFileReference; explicitFileType = wrapper.application; includeInIndex = 0; path = start_feed.app; sourceTree = BUILT_PRODUCTS_DIR; };
		4A1EA9632A4B31DB0071F41E /* AppDelegate.swift */ = {isa = PBXFileReference; lastKnownFileType = sourcecode.swift; path = AppDelegate.swift; sourceTree = "<group>"; };
		4A1EA9652A4B31DB0071F41E /* SceneDelegate.swift */ = {isa = PBXFileReference; lastKnownFileType = sourcecode.swift; path = SceneDelegate.swift; sourceTree = "<group>"; };
		4A1EA9672A4B31DB0071F41E /* ViewController.swift */ = {isa = PBXFileReference; lastKnownFileType = sourcecode.swift; path = ViewController.swift; sourceTree = "<group>"; };
		4A1EA96A2A4B31DB0071F41E /* Base */ = {isa = PBXFileReference; lastKnownFileType = file.storyboard; name = Base; path = Base.lproj/Main.storyboard; sourceTree = "<group>"; };
		4A1EA96C2A4B31DC0071F41E /* Assets.xcassets */ = {isa = PBXFileReference; lastKnownFileType = folder.assetcatalog; path = Assets.xcassets; sourceTree = "<group>"; };
		4A1EA96F2A4B31DC0071F41E /* Base */ = {isa = PBXFileReference; lastKnownFileType = file.storyboard; name = Base; path = Base.lproj/LaunchScreen.storyboard; sourceTree = "<group>"; };
		4A1EA9712A4B31DC0071F41E /* Info.plist */ = {isa = PBXFileReference; lastKnownFileType = text.plist.xml; path = Info.plist; sourceTree = "<group>"; };
		4A1EA9762A4B31DC0071F41E /* start_feedTests.xctest */ = {isa = PBXFileReference; explicitFileType = wrapper.cfbundle; includeInIndex = 0; path = start_feedTests.xctest; sourceTree = BUILT_PRODUCTS_DIR; };
		4A1EA97A2A4B31DC0071F41E /* start_feedTests.swift */ = {isa = PBXFileReference; lastKnownFileType = sourcecode.swift; path = start_feedTests.swift; sourceTree = "<group>"; };
		4A1EA9802A4B31DC0071F41E /* start_feedUITests.xctest */ = {isa = PBXFileReference; explicitFileType = wrapper.cfbundle; includeInIndex = 0; path = start_feedUITests.xctest; sourceTree = BUILT_PRODUCTS_DIR; };
		4A1EA9842A4B31DC0071F41E /* start_feedUITests.swift */ = {isa = PBXFileReference; lastKnownFileType = sourcecode.swift; path = start_feedUITests.swift; sourceTree = "<group>"; };
		4A1EA9862A4B31DC0071F41E /* start_feedUITestsLaunchTests.swift */ = {isa = PBXFileReference; lastKnownFileType = sourcecode.swift; path = start_feedUITestsLaunchTests.swift; sourceTree = "<group>"; };
/* End PBXFileReference section */

/* Begin PBXFrameworksBuildPhase section */
		4A1EA95D2A4B31DB0071F41E /* Frameworks */ = {
			isa = PBXFrameworksBuildPhase;
			buildActionMask = 2147483647;
			files = (
			);
			runOnlyForDeploymentPostprocessing = 0;
		};
		4A1EA9732A4B31DC0071F41E /* Frameworks */ = {
			isa = PBXFrameworksBuildPhase;
			buildActionMask = 2147483647;
			files = (
			);
			runOnlyForDeploymentPostprocessing = 0;
		};
		4A1EA97D2A4B31DC0071F41E /* Frameworks */ = {
			isa = PBXFrameworksBuildPhase;
			buildActionMask = 2147483647;
			files = (
			);
			runOnlyForDeploymentPostprocessing = 0;
		};
/* End PBXFrameworksBuildPhase section */

/* Begin PBXGroup section */
		4A1EA9572A4B31DB0071F41E = {
			isa = PBXGroup;
			children = (
				4A1EA9622A4B31DB0071F41E /* start_feed */,
				4A1EA9792A4B31DC0071F41E /* start_feedTests */,
				4A1EA9832A4B31DC0071F41E /* start_feedUITests */,
				4A1EA9612A4B31DB0071F41E /* Products */,
			);
			sourceTree = "<group>";
		};
		4A1EA9612A4B31DB0071F41E /* Products */ = {
			isa = PBXGroup;
			children = (
				4A1EA9602A4B31DB0071F41E /* start_feed.app */,
				4A1EA9762A4B31DC0071F41E /* start_feedTests.xctest */,
				4A1EA9802A4B31DC0071F41E /* start_feedUITests.xctest */,
			);
			name = Products;
			sourceTree = "<group>";
		};
		4A1EA9622A4B31DB0071F41E /* start_feed */ = {
			isa = PBXGroup;
			children = (
				4A1EA9632A4B31DB0071F41E /* AppDelegate.swift */,
				4A1EA9652A4B31DB0071F41E /* SceneDelegate.swift */,
				4A1EA9672A4B31DB0071F41E /* ViewController.swift */,
				4A1EA9692A4B31DB0071F41E /* Main.storyboard */,
				4A1EA96C2A4B31DC0071F41E /* Assets.xcassets */,
				4A1EA96E2A4B31DC0071F41E /* LaunchScreen.storyboard */,
				4A1EA9712A4B31DC0071F41E /* Info.plist */,
			);
			path = start_feed;
			sourceTree = "<group>";
		};
		4A1EA9792A4B31DC0071F41E /* start_feedTests */ = {
			isa = PBXGroup;
			children = (
				4A1EA97A2A4B31DC0071F41E /* start_feedTests.swift */,
			);
			path = start_feedTests;
			sourceTree = "<group>";
		};
		4A1EA9832A4B31DC0071F41E /* start_feedUITests */ = {
			isa = PBXGroup;
			children = (
				4A1EA9842A4B31DC0071F41E /* start_feedUITests.swift */,
				4A1EA9862A4B31DC0071F41E /* start_feedUITestsLaunchTests.swift */,
			);
			path = start_feedUITests;
			sourceTree = "<group>";
		};
/* End PBXGroup section */

/* Begin PBXNativeTarget section */
		4A1EA95F2A4B31DB0071F41E /* start_feed */ = {
			isa = PBXNativeTarget;
			buildConfigurationList = 4A1EA98A2A4B31DC0071F41E /* Build configuration list for PBXNativeTarget "start_feed" */;
			buildPhases = (
				4A1EA95C2A4B31DB0071F41E /* Sources */,
				4A1EA95D2A4B31DB0071F41E /* Frameworks */,
				4A1EA95E2A4B31DB0071F41E /* Resources */,
			);
			buildRules = (
			);
			dependencies = (
			);
			name = start_feed;
			productName = start_feed;
			productReference = 4A1EA9602A4B31DB0071F41E /* start_feed.app */;
			productType = "com.apple.product-type.application";
		};
		4A1EA9752A4B31DC0071F41E /* start_feedTests */ = {
			isa = PBXNativeTarget;
			buildConfigurationList = 4A1EA98D2A4B31DC0071F41E /* Build configuration list for PBXNativeTarget "start_feedTests" */;
			buildPhases = (
				4A1EA9722A4B31DC0071F41E /* Sources */,
				4A1EA9732A4B31DC0071F41E /* Frameworks */,
				4A1EA9742A4B31DC0071F41E /* Resources */,
			);
			buildRules = (
			);
			dependencies = (
				4A1EA9782A4B31DC0071F41E /* PBXTargetDependency */,
			);
			name = start_feedTests;
			productName = start_feedTests;
			productReference = 4A1EA9762A4B31DC0071F41E /* start_feedTests.xctest */;
			productType = "com.apple.product-type.bundle.unit-test";
		};
		4A1EA97F2A4B31DC0071F41E /* start_feedUITests */ = {
			isa = PBXNativeTarget;
			buildConfigurationList = 4A1EA9902A4B31DC0071F41E /* Build configuration list for PBXNativeTarget "start_feedUITests" */;
			buildPhases = (
				4A1EA97C2A4B31DC0071F41E /* Sources */,
				4A1EA97D2A4B31DC0071F41E /* Frameworks */,
				4A1EA97E2A4B31DC0071F41E /* Resources */,
			);
			buildRules = (
			);
			dependencies = (
				4A1EA9822A4B31DC0071F41E /* PBXTargetDependency */,
			);
			name = start_feedUITests;
			productName = start_feedUITests;
			productReference = 4A1EA9802A4B31DC0071F41E /* start_feedUITests.xctest */;
			productType = "com.apple.product-type.bundle.ui-testing";
		};
/* End PBXNativeTarget section */

/* Begin PBXProject section */
		4A1EA9582A4B31DB0071F41E /* Project object */ = {
			isa = PBXProject;
			attributes = {
				BuildIndependentTargetsInParallel = 1;
				LastSwiftUpdateCheck = 1430;
				LastUpgradeCheck = 1430;
				TargetAttributes = {
					4A1EA95F2A4B31DB0071F41E = {
						CreatedOnToolsVersion = 14.3.1;
					};
					4A1EA9752A4B31DC0071F41E = {
						CreatedOnToolsVersion = 14.3.1;
						TestTargetID = 4A1EA95F2A4B31DB0071F41E;
					};
					4A1EA97F2A4B31DC0071F41E = {
						CreatedOnToolsVersion = 14.3.1;
						TestTargetID = 4A1EA95F2A4B31DB0071F41E;
					};
				};
			};
			buildConfigurationList = 4A1EA95B2A4B31DB0071F41E /* Build configuration list for PBXProject "start_feed" */;
			compatibilityVersion = "Xcode 14.0";
			developmentRegion = en;
			hasScannedForEncodings = 0;
			knownRegions = (
				en,
				Base,
			);
			mainGroup = 4A1EA9572A4B31DB0071F41E;
			productRefGroup = 4A1EA9612A4B31DB0071F41E /* Products */;
			projectDirPath = "";
			projectRoot = "";
			targets = (
				4A1EA95F2A4B31DB0071F41E /* start_feed */,
				4A1EA9752A4B31DC0071F41E /* start_feedTests */,
				4A1EA97F2A4B31DC0071F41E /* start_feedUITests */,
			);
		};
/* End PBXProject section */

/* Begin PBXResourcesBuildPhase section */
		4A1EA95E2A4B31DB0071F41E /* Resources */ = {
			isa = PBXResourcesBuildPhase;
			buildActionMask = 2147483647;
			files = (
				4A1EA9702A4B31DC0071F41E /* LaunchScreen.storyboard in Resources */,
				4A1EA96D2A4B31DC0071F41E /* Assets.xcassets in Resources */,
				4A1EA96B2A4B31DB0071F41E /* Main.storyboard in Resources */,
			);
			runOnlyForDeploymentPostprocessing = 0;
		};
		4A1EA9742A4B31DC0071F41E /* Resources */ = {
			isa = PBXResourcesBuildPhase;
			buildActionMask = 2147483647;
			files = (
			);
			runOnlyForDeploymentPostprocessing = 0;
		};
		4A1EA97E2A4B31DC0071F41E /* Resources */ = {
			isa = PBXResourcesBuildPhase;
			buildActionMask = 2147483647;
			files = (
			);
			runOnlyForDeploymentPostprocessing = 0;
		};
/* End PBXResourcesBuildPhase section */

/* Begin PBXSourcesBuildPhase section */
		4A1EA95C2A4B31DB0071F41E /* Sources */ = {
			isa = PBXSourcesBuildPhase;
			buildActionMask = 2147483647;
			files = (
				4A1EA9682A4B31DB0071F41E /* ViewController.swift in Sources */,
				4A1EA9642A4B31DB0071F41E /* AppDelegate.swift in Sources */,
				4A1EA9662A4B31DB0071F41E /* SceneDelegate.swift in Sources */,
			);
			runOnlyForDeploymentPostprocessing = 0;
		};
		4A1EA9722A4B31DC0071F41E /* Sources */ = {
			isa = PBXSourcesBuildPhase;
			buildActionMask = 2147483647;
			files = (
				4A1EA97B2A4B31DC0071F41E /* start_feedTests.swift in Sources */,
			);
			runOnlyForDeploymentPostprocessing = 0;
		};
		4A1EA97C2A4B31DC0071F41E /* Sources */ = {
			isa = PBXSourcesBuildPhase;
			buildActionMask = 2147483647;
			files = (
				4A1EA9852A4B31DC0071F41E /* start_feedUITests.swift in Sources */,
				4A1EA9872A4B31DC0071F41E /* start_feedUITestsLaunchTests.swift in Sources */,
			);
			runOnlyForDeploymentPostprocessing = 0;
		};
/* End PBXSourcesBuildPhase section */

/* Begin PBXTargetDependency section */
		4A1EA9782A4B31DC0071F41E /* PBXTargetDependency */ = {
			isa = PBXTargetDependency;
			target = 4A1EA95F2A4B31DB0071F41E /* start_feed */;
			targetProxy = 4A1EA9772A4B31DC0071F41E /* PBXContainerItemProxy */;
		};
		4A1EA9822A4B31DC0071F41E /* PBXTargetDependency */ = {
			isa = PBXTargetDependency;
			target = 4A1EA95F2A4B31DB0071F41E /* start_feed */;
			targetProxy = 4A1EA9812A4B31DC0071F41E /* PBXContainerItemProxy */;
		};
/* End PBXTargetDependency section */

/* Begin PBXVariantGroup section */
		4A1EA9692A4B31DB0071F41E /* Main.storyboard */ = {
			isa = PBXVariantGroup;
			children = (
				4A1EA96A2A4B31DB0071F41E /* Base */,
			);
			name = Main.storyboard;
			sourceTree = "<group>";
		};
		4A1EA96E2A4B31DC0071F41E /* LaunchScreen.storyboard */ = {
			isa = PBXVariantGroup;
			children = (
				4A1EA96F2A4B31DC0071F41E /* Base */,
			);
			name = LaunchScreen.storyboard;
			sourceTree = "<group>";
		};
/* End PBXVariantGroup section */

/* Begin XCBuildConfiguration section */
		4A1EA9882A4B31DC0071F41E /* Debug */ = {
			isa = XCBuildConfiguration;
			buildSettings = {
				ALWAYS_SEARCH_USER_PATHS = NO;
				CLANG_ANALYZER_NONNULL = YES;
				CLANG_ANALYZER_NUMBER_OBJECT_CONVERSION = YES_AGGRESSIVE;
				CLANG_CXX_LANGUAGE_STANDARD = "gnu++20";
				CLANG_ENABLE_MODULES = YES;
				CLANG_ENABLE_OBJC_ARC = YES;
				CLANG_ENABLE_OBJC_WEAK = YES;
				CLANG_WARN_BLOCK_CAPTURE_AUTORELEASING = YES;
				CLANG_WARN_BOOL_CONVERSION = YES;
				CLANG_WARN_COMMA = YES;
				CLANG_WARN_CONSTANT_CONVERSION = YES;
				CLANG_WARN_DEPRECATED_OBJC_IMPLEMENTATIONS = YES;
				CLANG_WARN_DIRECT_OBJC_ISA_USAGE = YES_ERROR;
				CLANG_WARN_DOCUMENTATION_COMMENTS = YES;
				CLANG_WARN_EMPTY_BODY = YES;
				CLANG_WARN_ENUM_CONVERSION = YES;
				CLANG_WARN_INFINITE_RECURSION = YES;
				CLANG_WARN_INT_CONVERSION = YES;
				CLANG_WARN_NON_LITERAL_NULL_CONVERSION = YES;
				CLANG_WARN_OBJC_IMPLICIT_RETAIN_SELF = YES;
				CLANG_WARN_OBJC_LITERAL_CONVERSION = YES;
				CLANG_WARN_OBJC_ROOT_CLASS = YES_ERROR;
				CLANG_WARN_QUOTED_INCLUDE_IN_FRAMEWORK_HEADER = YES;
				CLANG_WARN_RANGE_LOOP_ANALYSIS = YES;
				CLANG_WARN_STRICT_PROTOTYPES = YES;
				CLANG_WARN_SUSPICIOUS_MOVE = YES;
				CLANG_WARN_UNGUARDED_AVAILABILITY = YES_AGGRESSIVE;
				CLANG_WARN_UNREACHABLE_CODE = YES;
				CLANG_WARN__DUPLICATE_METHOD_MATCH = YES;
				COPY_PHASE_STRIP = NO;
				DEBUG_INFORMATION_FORMAT = dwarf;
				ENABLE_STRICT_OBJC_MSGSEND = YES;
				ENABLE_TESTABILITY = YES;
				GCC_C_LANGUAGE_STANDARD = gnu11;
				GCC_DYNAMIC_NO_PIC = NO;
				GCC_NO_COMMON_BLOCKS = YES;
				GCC_OPTIMIZATION_LEVEL = 0;
				GCC_PREPROCESSOR_DEFINITIONS = (
					"DEBUG=1",
					"$(inherited)",
				);
				GCC_WARN_64_TO_32_BIT_CONVERSION = YES;
				GCC_WARN_ABOUT_RETURN_TYPE = YES_ERROR;
				GCC_WARN_UNDECLARED_SELECTOR = YES;
				GCC_WARN_UNINITIALIZED_AUTOS = YES_AGGRESSIVE;
				GCC_WARN_UNUSED_FUNCTION = YES;
				GCC_WARN_UNUSED_VARIABLE = YES;
				IPHONEOS_DEPLOYMENT_TARGET = 16.4;
				MTL_ENABLE_DEBUG_INFO = INCLUDE_SOURCE;
				MTL_FAST_MATH = YES;
				ONLY_ACTIVE_ARCH = YES;
				SDKROOT = iphoneos;
				SWIFT_ACTIVE_COMPILATION_CONDITIONS = DEBUG;
				SWIFT_OPTIMIZATION_LEVEL = "-Onone";
			};
			name = Debug;
		};
		4A1EA9892A4B31DC0071F41E /* Release */ = {
			isa = XCBuildConfiguration;
			buildSettings = {
				ALWAYS_SEARCH_USER_PATHS = NO;
				CLANG_ANALYZER_NONNULL = YES;
				CLANG_ANALYZER_NUMBER_OBJECT_CONVERSION = YES_AGGRESSIVE;
				CLANG_CXX_LANGUAGE_STANDARD = "gnu++20";
				CLANG_ENABLE_MODULES = YES;
				CLANG_ENABLE_OBJC_ARC = YES;
				CLANG_ENABLE_OBJC_WEAK = YES;
				CLANG_WARN_BLOCK_CAPTURE_AUTORELEASING = YES;
				CLANG_WARN_BOOL_CONVERSION = YES;
				CLANG_WARN_COMMA = YES;
				CLANG_WARN_CONSTANT_CONVERSION = YES;
				CLANG_WARN_DEPRECATED_OBJC_IMPLEMENTATIONS = YES;
				CLANG_WARN_DIRECT_OBJC_ISA_USAGE = YES_ERROR;
				CLANG_WARN_DOCUMENTATION_COMMENTS = YES;
				CLANG_WARN_EMPTY_BODY = YES;
				CLANG_WARN_ENUM_CONVERSION = YES;
				CLANG_WARN_INFINITE_RECURSION = YES;
				CLANG_WARN_INT_CONVERSION = YES;
				CLANG_WARN_NON_LITERAL_NULL_CONVERSION = YES;
				CLANG_WARN_OBJC_IMPLICIT_RETAIN_SELF = YES;
				CLANG_WARN_OBJC_LITERAL_CONVERSION = YES;
				CLANG_WARN_OBJC_ROOT_CLASS = YES_ERROR;
				CLANG_WARN_QUOTED_INCLUDE_IN_FRAMEWORK_HEADER = YES;
				CLANG_WARN_RANGE_LOOP_ANALYSIS = YES;
				CLANG_WARN_STRICT_PROTOTYPES = YES;
				CLANG_WARN_SUSPICIOUS_MOVE = YES;
				CLANG_WARN_UNGUARDED_AVAILABILITY = YES_AGGRESSIVE;
				CLANG_WARN_UNREACHABLE_CODE = YES;
				CLANG_WARN__DUPLICATE_METHOD_MATCH = YES;
				COPY_PHASE_STRIP = NO;
				DEBUG_INFORMATION_FORMAT = "dwarf-with-dsym";
				ENABLE_NS_ASSERTIONS = NO;
				ENABLE_STRICT_OBJC_MSGSEND = YES;
				GCC_C_LANGUAGE_STANDARD = gnu11;
				GCC_NO_COMMON_BLOCKS = YES;
				GCC_WARN_64_TO_32_BIT_CONVERSION = YES;
				GCC_WARN_ABOUT_RETURN_TYPE = YES_ERROR;
				GCC_WARN_UNDECLARED_SELECTOR = YES;
				GCC_WARN_UNINITIALIZED_AUTOS = YES_AGGRESSIVE;
				GCC_WARN_UNUSED_FUNCTION = YES;
				GCC_WARN_UNUSED_VARIABLE = YES;
				IPHONEOS_DEPLOYMENT_TARGET = 16.4;
				MTL_ENABLE_DEBUG_INFO = NO;
				MTL_FAST_MATH = YES;
				SDKROOT = iphoneos;
				SWIFT_COMPILATION_MODE = wholemodule;
				SWIFT_OPTIMIZATION_LEVEL = "-O";
				VALIDATE_PRODUCT = YES;
			};
			name = Release;
		};
		4A1EA98B2A4B31DC0071F41E /* Debug */ = {
			isa = XCBuildConfiguration;
			buildSettings = {
				ASSETCATALOG_COMPILER_APPICON_NAME = AppIcon;
				ASSETCATALOG_COMPILER_GLOBAL_ACCENT_COLOR_NAME = AccentColor;
				CODE_SIGN_STYLE = Automatic;
				CURRENT_PROJECT_VERSION = 1;
				DEVELOPMENT_TEAM = SS7U83UJNK;
				GENERATE_INFOPLIST_FILE = YES;
				INFOPLIST_FILE = start_feed/Info.plist;
				INFOPLIST_KEY_UIApplicationSupportsIndirectInputEvents = YES;
				INFOPLIST_KEY_UILaunchStoryboardName = LaunchScreen;
				INFOPLIST_KEY_UIMainStoryboardFile = Main;
				INFOPLIST_KEY_UISupportedInterfaceOrientations_iPad = "UIInterfaceOrientationPortrait UIInterfaceOrientationPortraitUpsideDown UIInterfaceOrientationLandscapeLeft UIInterfaceOrientationLandscapeRight";
				INFOPLIST_KEY_UISupportedInterfaceOrientations_iPhone = "UIInterfaceOrientationPortrait UIInterfaceOrientationLandscapeLeft UIInterfaceOrientationLandscapeRight";
				LD_RUNPATH_SEARCH_PATHS = (
					"$(inherited)",
					"@executable_path/Frameworks",
				);
				MARKETING_VERSION = 1.0;
				PRODUCT_BUNDLE_IDENTIFIER = "com.jake.start-feed";
				PRODUCT_NAME = "$(TARGET_NAME)";
				SWIFT_EMIT_LOC_STRINGS = YES;
				SWIFT_VERSION = 5.0;
				TARGETED_DEVICE_FAMILY = "1,2";
			};
			name = Debug;
		};
		4A1EA98C2A4B31DC0071F41E /* Release */ = {
			isa = XCBuildConfiguration;
			buildSettings = {
				ASSETCATALOG_COMPILER_APPICON_NAME = AppIcon;
				ASSETCATALOG_COMPILER_GLOBAL_ACCENT_COLOR_NAME = AccentColor;
				CODE_SIGN_STYLE = Automatic;
				CURRENT_PROJECT_VERSION = 1;
				DEVELOPMENT_TEAM = SS7U83UJNK;
				GENERATE_INFOPLIST_FILE = YES;
				INFOPLIST_FILE = start_feed/Info.plist;
				INFOPLIST_KEY_UIApplicationSupportsIndirectInputEvents = YES;
				INFOPLIST_KEY_UILaunchStoryboardName = LaunchScreen;
				INFOPLIST_KEY_UIMainStoryboardFile = Main;
				INFOPLIST_KEY_UISupportedInterfaceOrientations_iPad = "UIInterfaceOrientationPortrait UIInterfaceOrientationPortraitUpsideDown UIInterfaceOrientationLandscapeLeft UIInterfaceOrientationLandscapeRight";
				INFOPLIST_KEY_UISupportedInterfaceOrientations_iPhone = "UIInterfaceOrientationPortrait UIInterfaceOrientationLandscapeLeft UIInterfaceOrientationLandscapeRight";
				LD_RUNPATH_SEARCH_PATHS = (
					"$(inherited)",
					"@executable_path/Frameworks",
				);
				MARKETING_VERSION = 1.0;
				PRODUCT_BUNDLE_IDENTIFIER = "com.jake.start-feed";
				PRODUCT_NAME = "$(TARGET_NAME)";
				SWIFT_EMIT_LOC_STRINGS = YES;
				SWIFT_VERSION = 5.0;
				TARGETED_DEVICE_FAMILY = "1,2";
			};
			name = Release;
		};
		4A1EA98E2A4B31DC0071F41E /* Debug */ = {
			isa = XCBuildConfiguration;
			buildSettings = {
				ALWAYS_EMBED_SWIFT_STANDARD_LIBRARIES = YES;
				BUNDLE_LOADER = "$(TEST_HOST)";
				CODE_SIGN_STYLE = Automatic;
				CURRENT_PROJECT_VERSION = 1;
				DEVELOPMENT_TEAM = SS7U83UJNK;
				GENERATE_INFOPLIST_FILE = YES;
				IPHONEOS_DEPLOYMENT_TARGET = 16.4;
				MARKETING_VERSION = 1.0;
				PRODUCT_BUNDLE_IDENTIFIER = "com.jake.start-feedTests";
				PRODUCT_NAME = "$(TARGET_NAME)";
				SWIFT_EMIT_LOC_STRINGS = NO;
				SWIFT_VERSION = 5.0;
				TARGETED_DEVICE_FAMILY = "1,2";
				TEST_HOST = "$(BUILT_PRODUCTS_DIR)/start_feed.app/$(BUNDLE_EXECUTABLE_FOLDER_PATH)/start_feed";
			};
			name = Debug;
		};
		4A1EA98F2A4B31DC0071F41E /* Release */ = {
			isa = XCBuildConfiguration;
			buildSettings = {
				ALWAYS_EMBED_SWIFT_STANDARD_LIBRARIES = YES;
				BUNDLE_LOADER = "$(TEST_HOST)";
				CODE_SIGN_STYLE = Automatic;
				CURRENT_PROJECT_VERSION = 1;
				DEVELOPMENT_TEAM = SS7U83UJNK;
				GENERATE_INFOPLIST_FILE = YES;
				IPHONEOS_DEPLOYMENT_TARGET = 16.4;
				MARKETING_VERSION = 1.0;
				PRODUCT_BUNDLE_IDENTIFIER = "com.jake.start-feedTests";
				PRODUCT_NAME = "$(TARGET_NAME)";
				SWIFT_EMIT_LOC_STRINGS = NO;
				SWIFT_VERSION = 5.0;
				TARGETED_DEVICE_FAMILY = "1,2";
				TEST_HOST = "$(BUILT_PRODUCTS_DIR)/start_feed.app/$(BUNDLE_EXECUTABLE_FOLDER_PATH)/start_feed";
			};
			name = Release;
		};
		4A1EA9912A4B31DC0071F41E /* Debug */ = {
			isa = XCBuildConfiguration;
			buildSettings = {
				ALWAYS_EMBED_SWIFT_STANDARD_LIBRARIES = YES;
				CODE_SIGN_STYLE = Automatic;
				CURRENT_PROJECT_VERSION = 1;
				DEVELOPMENT_TEAM = SS7U83UJNK;
				GENERATE_INFOPLIST_FILE = YES;
				MARKETING_VERSION = 1.0;
				PRODUCT_BUNDLE_IDENTIFIER = "com.jake.start-feedUITests";
				PRODUCT_NAME = "$(TARGET_NAME)";
				SWIFT_EMIT_LOC_STRINGS = NO;
				SWIFT_VERSION = 5.0;
				TARGETED_DEVICE_FAMILY = "1,2";
				TEST_TARGET_NAME = start_feed;
			};
			name = Debug;
		};
		4A1EA9922A4B31DC0071F41E /* Release */ = {
			isa = XCBuildConfiguration;
			buildSettings = {
				ALWAYS_EMBED_SWIFT_STANDARD_LIBRARIES = YES;
				CODE_SIGN_STYLE = Automatic;
				CURRENT_PROJECT_VERSION = 1;
				DEVELOPMENT_TEAM = SS7U83UJNK;
				GENERATE_INFOPLIST_FILE = YES;
				MARKETING_VERSION = 1.0;
				PRODUCT_BUNDLE_IDENTIFIER = "com.jake.start-feedUITests";
				PRODUCT_NAME = "$(TARGET_NAME)";
				SWIFT_EMIT_LOC_STRINGS = NO;
				SWIFT_VERSION = 5.0;
				TARGETED_DEVICE_FAMILY = "1,2";
				TEST_TARGET_NAME = start_feed;
			};
			name = Release;
		};
/* End XCBuildConfiguration section */

/* Begin XCConfigurationList section */
		4A1EA95B2A4B31DB0071F41E /* Build configuration list for PBXProject "start_feed" */ = {
			isa = XCConfigurationList;
			buildConfigurations = (
				4A1EA9882A4B31DC0071F41E /* Debug */,
				4A1EA9892A4B31DC0071F41E /* Release */,
			);
			defaultConfigurationIsVisible = 0;
			defaultConfigurationName = Release;
		};
		4A1EA98A2A4B31DC0071F41E /* Build configuration list for PBXNativeTarget "start_feed" */ = {
			isa = XCConfigurationList;
			buildConfigurations = (
				4A1EA98B2A4B31DC0071F41E /* Debug */,
				4A1EA98C2A4B31DC0071F41E /* Release */,
			);
			defaultConfigurationIsVisible = 0;
			defaultConfigurationName = Release;
		};
		4A1EA98D2A4B31DC0071F41E /* Build configuration list for PBXNativeTarget "start_feedTests" */ = {
			isa = XCConfigurationList;
			buildConfigurations = (
				4A1EA98E2A4B31DC0071F41E /* Debug */,
				4A1EA98F2A4B31DC0071F41E /* Release */,
			);
			defaultConfigurationIsVisible = 0;
			defaultConfigurationName = Release;
		};
		4A1EA9902A4B31DC0071F41E /* Build configuration list for PBXNativeTarget "start_feedUITests" */ = {
			isa = XCConfigurationList;
			buildConfigurations = (
				4A1EA9912A4B31DC0071F41E /* Debug */,
				4A1EA9922A4B31DC0071F41E /* Release */,
			);
			defaultConfigurationIsVisible = 0;
			defaultConfigurationName = Release;
		};
/* End XCConfigurationList section */
	};
	rootObject = 4A1EA9582A4B31DB0071F41E /* Project object */;
}
