// !$*UTF8*$!
{
	archiveVersion = 1;
	classes = {
	};
	objectVersion = 56;
	objects = {

/* Begin PBXBuildFile section */
		4AF254B42A4B323300F8810D /* AppDelegate.swift in Sources */ = {isa = PBXBuildFile; fileRef = 4AF254B32A4B323300F8810D /* AppDelegate.swift */; };
		4AF254B62A4B323300F8810D /* SceneDelegate.swift in Sources */ = {isa = PBXBuildFile; fileRef = 4AF254B52A4B323300F8810D /* SceneDelegate.swift */; };
		4AF254B82A4B323400F8810D /* ViewController.swift in Sources */ = {isa = PBXBuildFile; fileRef = 4AF254B72A4B323300F8810D /* ViewController.swift */; };
		4AF254BB2A4B323400F8810D /* Main.storyboard in Resources */ = {isa = PBXBuildFile; fileRef = 4AF254B92A4B323400F8810D /* Main.storyboard */; };
		4AF254BD2A4B323400F8810D /* Assets.xcassets in Resources */ = {isa = PBXBuildFile; fileRef = 4AF254BC2A4B323400F8810D /* Assets.xcassets */; };
		4AF254C02A4B323400F8810D /* LaunchScreen.storyboard in Resources */ = {isa = PBXBuildFile; fileRef = 4AF254BE2A4B323400F8810D /* LaunchScreen.storyboard */; };
		4AF254CB2A4B323400F8810D /* start_weatherTests.swift in Sources */ = {isa = PBXBuildFile; fileRef = 4AF254CA2A4B323400F8810D /* start_weatherTests.swift */; };
		4AF254D52A4B323400F8810D /* start_weatherUITests.swift in Sources */ = {isa = PBXBuildFile; fileRef = 4AF254D42A4B323400F8810D /* start_weatherUITests.swift */; };
		4AF254D72A4B323400F8810D /* start_weatherUITestsLaunchTests.swift in Sources */ = {isa = PBXBuildFile; fileRef = 4AF254D62A4B323400F8810D /* start_weatherUITestsLaunchTests.swift */; };
/* End PBXBuildFile section */

/* Begin PBXContainerItemProxy section */
		4AF254C72A4B323400F8810D /* PBXContainerItemProxy */ = {
			isa = PBXContainerItemProxy;
			containerPortal = 4AF254A82A4B323300F8810D /* Project object */;
			proxyType = 1;
			remoteGlobalIDString = 4AF254AF2A4B323300F8810D;
			remoteInfo = start_weather;
		};
		4AF254D12A4B323400F8810D /* PBXContainerItemProxy */ = {
			isa = PBXContainerItemProxy;
			containerPortal = 4AF254A82A4B323300F8810D /* Project object */;
			proxyType = 1;
			remoteGlobalIDString = 4AF254AF2A4B323300F8810D;
			remoteInfo = start_weather;
		};
/* End PBXContainerItemProxy section */

/* Begin PBXFileReference section */
		4AF254B02A4B323300F8810D /* start_weather.app */ = {isa = PBXFileReference; explicitFileType = wrapper.application; includeInIndex = 0; path = start_weather.app; sourceTree = BUILT_PRODUCTS_DIR; };
		4AF254B32A4B323300F8810D /* AppDelegate.swift */ = {isa = PBXFileReference; lastKnownFileType = sourcecode.swift; path = AppDelegate.swift; sourceTree = "<group>"; };
		4AF254B52A4B323300F8810D /* SceneDelegate.swift */ = {isa = PBXFileReference; lastKnownFileType = sourcecode.swift; path = SceneDelegate.swift; sourceTree = "<group>"; };
		4AF254B72A4B323300F8810D /* ViewController.swift */ = {isa = PBXFileReference; lastKnownFileType = sourcecode.swift; path = ViewController.swift; sourceTree = "<group>"; };
		4AF254BA2A4B323400F8810D /* Base */ = {isa = PBXFileReference; lastKnownFileType = file.storyboard; name = Base; path = Base.lproj/Main.storyboard; sourceTree = "<group>"; };
		4AF254BC2A4B323400F8810D /* Assets.xcassets */ = {isa = PBXFileReference; lastKnownFileType = folder.assetcatalog; path = Assets.xcassets; sourceTree = "<group>"; };
		4AF254BF2A4B323400F8810D /* Base */ = {isa = PBXFileReference; lastKnownFileType = file.storyboard; name = Base; path = Base.lproj/LaunchScreen.storyboard; sourceTree = "<group>"; };
		4AF254C12A4B323400F8810D /* Info.plist */ = {isa = PBXFileReference; lastKnownFileType = text.plist.xml; path = Info.plist; sourceTree = "<group>"; };
		4AF254C62A4B323400F8810D /* start_weatherTests.xctest */ = {isa = PBXFileReference; explicitFileType = wrapper.cfbundle; includeInIndex = 0; path = start_weatherTests.xctest; sourceTree = BUILT_PRODUCTS_DIR; };
		4AF254CA2A4B323400F8810D /* start_weatherTests.swift */ = {isa = PBXFileReference; lastKnownFileType = sourcecode.swift; path = start_weatherTests.swift; sourceTree = "<group>"; };
		4AF254D02A4B323400F8810D /* start_weatherUITests.xctest */ = {isa = PBXFileReference; explicitFileType = wrapper.cfbundle; includeInIndex = 0; path = start_weatherUITests.xctest; sourceTree = BUILT_PRODUCTS_DIR; };
		4AF254D42A4B323400F8810D /* start_weatherUITests.swift */ = {isa = PBXFileReference; lastKnownFileType = sourcecode.swift; path = start_weatherUITests.swift; sourceTree = "<group>"; };
		4AF254D62A4B323400F8810D /* start_weatherUITestsLaunchTests.swift */ = {isa = PBXFileReference; lastKnownFileType = sourcecode.swift; path = start_weatherUITestsLaunchTests.swift; sourceTree = "<group>"; };
/* End PBXFileReference section */

/* Begin PBXFrameworksBuildPhase section */
		4AF254AD2A4B323300F8810D /* Frameworks */ = {
			isa = PBXFrameworksBuildPhase;
			buildActionMask = 2147483647;
			files = (
			);
			runOnlyForDeploymentPostprocessing = 0;
		};
		4AF254C32A4B323400F8810D /* Frameworks */ = {
			isa = PBXFrameworksBuildPhase;
			buildActionMask = 2147483647;
			files = (
			);
			runOnlyForDeploymentPostprocessing = 0;
		};
		4AF254CD2A4B323400F8810D /* Frameworks */ = {
			isa = PBXFrameworksBuildPhase;
			buildActionMask = 2147483647;
			files = (
			);
			runOnlyForDeploymentPostprocessing = 0;
		};
/* End PBXFrameworksBuildPhase section */

/* Begin PBXGroup section */
		4AF254A72A4B323300F8810D = {
			isa = PBXGroup;
			children = (
				4AF254B22A4B323300F8810D /* start_weather */,
				4AF254C92A4B323400F8810D /* start_weatherTests */,
				4AF254D32A4B323400F8810D /* start_weatherUITests */,
				4AF254B12A4B323300F8810D /* Products */,
			);
			sourceTree = "<group>";
		};
		4AF254B12A4B323300F8810D /* Products */ = {
			isa = PBXGroup;
			children = (
				4AF254B02A4B323300F8810D /* start_weather.app */,
				4AF254C62A4B323400F8810D /* start_weatherTests.xctest */,
				4AF254D02A4B323400F8810D /* start_weatherUITests.xctest */,
			);
			name = Products;
			sourceTree = "<group>";
		};
		4AF254B22A4B323300F8810D /* start_weather */ = {
			isa = PBXGroup;
			children = (
				4AF254B32A4B323300F8810D /* AppDelegate.swift */,
				4AF254B52A4B323300F8810D /* SceneDelegate.swift */,
				4AF254B72A4B323300F8810D /* ViewController.swift */,
				4AF254B92A4B323400F8810D /* Main.storyboard */,
				4AF254BC2A4B323400F8810D /* Assets.xcassets */,
				4AF254BE2A4B323400F8810D /* LaunchScreen.storyboard */,
				4AF254C12A4B323400F8810D /* Info.plist */,
			);
			path = start_weather;
			sourceTree = "<group>";
		};
		4AF254C92A4B323400F8810D /* start_weatherTests */ = {
			isa = PBXGroup;
			children = (
				4AF254CA2A4B323400F8810D /* start_weatherTests.swift */,
			);
			path = start_weatherTests;
			sourceTree = "<group>";
		};
		4AF254D32A4B323400F8810D /* start_weatherUITests */ = {
			isa = PBXGroup;
			children = (
				4AF254D42A4B323400F8810D /* start_weatherUITests.swift */,
				4AF254D62A4B323400F8810D /* start_weatherUITestsLaunchTests.swift */,
			);
			path = start_weatherUITests;
			sourceTree = "<group>";
		};
/* End PBXGroup section */

/* Begin PBXNativeTarget section */
		4AF254AF2A4B323300F8810D /* start_weather */ = {
			isa = PBXNativeTarget;
			buildConfigurationList = 4AF254DA2A4B323400F8810D /* Build configuration list for PBXNativeTarget "start_weather" */;
			buildPhases = (
				4AF254AC2A4B323300F8810D /* Sources */,
				4AF254AD2A4B323300F8810D /* Frameworks */,
				4AF254AE2A4B323300F8810D /* Resources */,
			);
			buildRules = (
			);
			dependencies = (
			);
			name = start_weather;
			productName = start_weather;
			productReference = 4AF254B02A4B323300F8810D /* start_weather.app */;
			productType = "com.apple.product-type.application";
		};
		4AF254C52A4B323400F8810D /* start_weatherTests */ = {
			isa = PBXNativeTarget;
			buildConfigurationList = 4AF254DD2A4B323400F8810D /* Build configuration list for PBXNativeTarget "start_weatherTests" */;
			buildPhases = (
				4AF254C22A4B323400F8810D /* Sources */,
				4AF254C32A4B323400F8810D /* Frameworks */,
				4AF254C42A4B323400F8810D /* Resources */,
			);
			buildRules = (
			);
			dependencies = (
				4AF254C82A4B323400F8810D /* PBXTargetDependency */,
			);
			name = start_weatherTests;
			productName = start_weatherTests;
			productReference = 4AF254C62A4B323400F8810D /* start_weatherTests.xctest */;
			productType = "com.apple.product-type.bundle.unit-test";
		};
		4AF254CF2A4B323400F8810D /* start_weatherUITests */ = {
			isa = PBXNativeTarget;
			buildConfigurationList = 4AF254E02A4B323400F8810D /* Build configuration list for PBXNativeTarget "start_weatherUITests" */;
			buildPhases = (
				4AF254CC2A4B323400F8810D /* Sources */,
				4AF254CD2A4B323400F8810D /* Frameworks */,
				4AF254CE2A4B323400F8810D /* Resources */,
			);
			buildRules = (
			);
			dependencies = (
				4AF254D22A4B323400F8810D /* PBXTargetDependency */,
			);
			name = start_weatherUITests;
			productName = start_weatherUITests;
			productReference = 4AF254D02A4B323400F8810D /* start_weatherUITests.xctest */;
			productType = "com.apple.product-type.bundle.ui-testing";
		};
/* End PBXNativeTarget section */

/* Begin PBXProject section */
		4AF254A82A4B323300F8810D /* Project object */ = {
			isa = PBXProject;
			attributes = {
				BuildIndependentTargetsInParallel = 1;
				LastSwiftUpdateCheck = 1430;
				LastUpgradeCheck = 1430;
				TargetAttributes = {
					4AF254AF2A4B323300F8810D = {
						CreatedOnToolsVersion = 14.3.1;
					};
					4AF254C52A4B323400F8810D = {
						CreatedOnToolsVersion = 14.3.1;
						TestTargetID = 4AF254AF2A4B323300F8810D;
					};
					4AF254CF2A4B323400F8810D = {
						CreatedOnToolsVersion = 14.3.1;
						TestTargetID = 4AF254AF2A4B323300F8810D;
					};
				};
			};
			buildConfigurationList = 4AF254AB2A4B323300F8810D /* Build configuration list for PBXProject "start_weather" */;
			compatibilityVersion = "Xcode 14.0";
			developmentRegion = en;
			hasScannedForEncodings = 0;
			knownRegions = (
				en,
				Base,
			);
			mainGroup = 4AF254A72A4B323300F8810D;
			productRefGroup = 4AF254B12A4B323300F8810D /* Products */;
			projectDirPath = "";
			projectRoot = "";
			targets = (
				4AF254AF2A4B323300F8810D /* start_weather */,
				4AF254C52A4B323400F8810D /* start_weatherTests */,
				4AF254CF2A4B323400F8810D /* start_weatherUITests */,
			);
		};
/* End PBXProject section */

/* Begin PBXResourcesBuildPhase section */
		4AF254AE2A4B323300F8810D /* Resources */ = {
			isa = PBXResourcesBuildPhase;
			buildActionMask = 2147483647;
			files = (
				4AF254C02A4B323400F8810D /* LaunchScreen.storyboard in Resources */,
				4AF254BD2A4B323400F8810D /* Assets.xcassets in Resources */,
				4AF254BB2A4B323400F8810D /* Main.storyboard in Resources */,
			);
			runOnlyForDeploymentPostprocessing = 0;
		};
		4AF254C42A4B323400F8810D /* Resources */ = {
			isa = PBXResourcesBuildPhase;
			buildActionMask = 2147483647;
			files = (
			);
			runOnlyForDeploymentPostprocessing = 0;
		};
		4AF254CE2A4B323400F8810D /* Resources */ = {
			isa = PBXResourcesBuildPhase;
			buildActionMask = 2147483647;
			files = (
			);
			runOnlyForDeploymentPostprocessing = 0;
		};
/* End PBXResourcesBuildPhase section */

/* Begin PBXSourcesBuildPhase section */
		4AF254AC2A4B323300F8810D /* Sources */ = {
			isa = PBXSourcesBuildPhase;
			buildActionMask = 2147483647;
			files = (
				4AF254B82A4B323400F8810D /* ViewController.swift in Sources */,
				4AF254B42A4B323300F8810D /* AppDelegate.swift in Sources */,
				4AF254B62A4B323300F8810D /* SceneDelegate.swift in Sources */,
			);
			runOnlyForDeploymentPostprocessing = 0;
		};
		4AF254C22A4B323400F8810D /* Sources */ = {
			isa = PBXSourcesBuildPhase;
			buildActionMask = 2147483647;
			files = (
				4AF254CB2A4B323400F8810D /* start_weatherTests.swift in Sources */,
			);
			runOnlyForDeploymentPostprocessing = 0;
		};
		4AF254CC2A4B323400F8810D /* Sources */ = {
			isa = PBXSourcesBuildPhase;
			buildActionMask = 2147483647;
			files = (
				4AF254D72A4B323400F8810D /* start_weatherUITestsLaunchTests.swift in Sources */,
				4AF254D52A4B323400F8810D /* start_weatherUITests.swift in Sources */,
			);
			runOnlyForDeploymentPostprocessing = 0;
		};
/* End PBXSourcesBuildPhase section */

/* Begin PBXTargetDependency section */
		4AF254C82A4B323400F8810D /* PBXTargetDependency */ = {
			isa = PBXTargetDependency;
			target = 4AF254AF2A4B323300F8810D /* start_weather */;
			targetProxy = 4AF254C72A4B323400F8810D /* PBXContainerItemProxy */;
		};
		4AF254D22A4B323400F8810D /* PBXTargetDependency */ = {
			isa = PBXTargetDependency;
			target = 4AF254AF2A4B323300F8810D /* start_weather */;
			targetProxy = 4AF254D12A4B323400F8810D /* PBXContainerItemProxy */;
		};
/* End PBXTargetDependency section */

/* Begin PBXVariantGroup section */
		4AF254B92A4B323400F8810D /* Main.storyboard */ = {
			isa = PBXVariantGroup;
			children = (
				4AF254BA2A4B323400F8810D /* Base */,
			);
			name = Main.storyboard;
			sourceTree = "<group>";
		};
		4AF254BE2A4B323400F8810D /* LaunchScreen.storyboard */ = {
			isa = PBXVariantGroup;
			children = (
				4AF254BF2A4B323400F8810D /* Base */,
			);
			name = LaunchScreen.storyboard;
			sourceTree = "<group>";
		};
/* End PBXVariantGroup section */

/* Begin XCBuildConfiguration section */
		4AF254D82A4B323400F8810D /* Debug */ = {
			isa = XCBuildConfiguration;
			buildSettings = {
				ALWAYS_SEARCH_USER_PATHS = NO;
				CLANG_ANALYZER_NONNULL = YES;
				CLANG_ANALYZER_NUMBER_OBJECT_CONVERSION = YES_AGGRESSIVE;
				CLANG_CXX_LANGUAGE_STANDARD = "gnu++20";
				CLANG_ENABLE_MODULES = YES;
				CLANG_ENABLE_OBJC_ARC = YES;
				CLANG_ENABLE_OBJC_WEAK = YES;
				CLANG_WARN_BLOCK_CAPTURE_AUTORELEASING = YES;
				CLANG_WARN_BOOL_CONVERSION = YES;
				CLANG_WARN_COMMA = YES;
				CLANG_WARN_CONSTANT_CONVERSION = YES;
				CLANG_WARN_DEPRECATED_OBJC_IMPLEMENTATIONS = YES;
				CLANG_WARN_DIRECT_OBJC_ISA_USAGE = YES_ERROR;
				CLANG_WARN_DOCUMENTATION_COMMENTS = YES;
				CLANG_WARN_EMPTY_BODY = YES;
				CLANG_WARN_ENUM_CONVERSION = YES;
				CLANG_WARN_INFINITE_RECURSION = YES;
				CLANG_WARN_INT_CONVERSION = YES;
				CLANG_WARN_NON_LITERAL_NULL_CONVERSION = YES;
				CLANG_WARN_OBJC_IMPLICIT_RETAIN_SELF = YES;
				CLANG_WARN_OBJC_LITERAL_CONVERSION = YES;
				CLANG_WARN_OBJC_ROOT_CLASS = YES_ERROR;
				CLANG_WARN_QUOTED_INCLUDE_IN_FRAMEWORK_HEADER = YES;
				CLANG_WARN_RANGE_LOOP_ANALYSIS = YES;
				CLANG_WARN_STRICT_PROTOTYPES = YES;
				CLANG_WARN_SUSPICIOUS_MOVE = YES;
				CLANG_WARN_UNGUARDED_AVAILABILITY = YES_AGGRESSIVE;
				CLANG_WARN_UNREACHABLE_CODE = YES;
				CLANG_WARN__DUPLICATE_METHOD_MATCH = YES;
				COPY_PHASE_STRIP = NO;
				DEBUG_INFORMATION_FORMAT = dwarf;
				ENABLE_STRICT_OBJC_MSGSEND = YES;
				ENABLE_TESTABILITY = YES;
				GCC_C_LANGUAGE_STANDARD = gnu11;
				GCC_DYNAMIC_NO_PIC = NO;
				GCC_NO_COMMON_BLOCKS = YES;
				GCC_OPTIMIZATION_LEVEL = 0;
				GCC_PREPROCESSOR_DEFINITIONS = (
					"DEBUG=1",
					"$(inherited)",
				);
				GCC_WARN_64_TO_32_BIT_CONVERSION = YES;
				GCC_WARN_ABOUT_RETURN_TYPE = YES_ERROR;
				GCC_WARN_UNDECLARED_SELECTOR = YES;
				GCC_WARN_UNINITIALIZED_AUTOS = YES_AGGRESSIVE;
				GCC_WARN_UNUSED_FUNCTION = YES;
				GCC_WARN_UNUSED_VARIABLE = YES;
				IPHONEOS_DEPLOYMENT_TARGET = 16.4;
				MTL_ENABLE_DEBUG_INFO = INCLUDE_SOURCE;
				MTL_FAST_MATH = YES;
				ONLY_ACTIVE_ARCH = YES;
				SDKROOT = iphoneos;
				SWIFT_ACTIVE_COMPILATION_CONDITIONS = DEBUG;
				SWIFT_OPTIMIZATION_LEVEL = "-Onone";
			};
			name = Debug;
		};
		4AF254D92A4B323400F8810D /* Release */ = {
			isa = XCBuildConfiguration;
			buildSettings = {
				ALWAYS_SEARCH_USER_PATHS = NO;
				CLANG_ANALYZER_NONNULL = YES;
				CLANG_ANALYZER_NUMBER_OBJECT_CONVERSION = YES_AGGRESSIVE;
				CLANG_CXX_LANGUAGE_STANDARD = "gnu++20";
				CLANG_ENABLE_MODULES = YES;
				CLANG_ENABLE_OBJC_ARC = YES;
				CLANG_ENABLE_OBJC_WEAK = YES;
				CLANG_WARN_BLOCK_CAPTURE_AUTORELEASING = YES;
				CLANG_WARN_BOOL_CONVERSION = YES;
				CLANG_WARN_COMMA = YES;
				CLANG_WARN_CONSTANT_CONVERSION = YES;
				CLANG_WARN_DEPRECATED_OBJC_IMPLEMENTATIONS = YES;
				CLANG_WARN_DIRECT_OBJC_ISA_USAGE = YES_ERROR;
				CLANG_WARN_DOCUMENTATION_COMMENTS = YES;
				CLANG_WARN_EMPTY_BODY = YES;
				CLANG_WARN_ENUM_CONVERSION = YES;
				CLANG_WARN_INFINITE_RECURSION = YES;
				CLANG_WARN_INT_CONVERSION = YES;
				CLANG_WARN_NON_LITERAL_NULL_CONVERSION = YES;
				CLANG_WARN_OBJC_IMPLICIT_RETAIN_SELF = YES;
				CLANG_WARN_OBJC_LITERAL_CONVERSION = YES;
				CLANG_WARN_OBJC_ROOT_CLASS = YES_ERROR;
				CLANG_WARN_QUOTED_INCLUDE_IN_FRAMEWORK_HEADER = YES;
				CLANG_WARN_RANGE_LOOP_ANALYSIS = YES;
				CLANG_WARN_STRICT_PROTOTYPES = YES;
				CLANG_WARN_SUSPICIOUS_MOVE = YES;
				CLANG_WARN_UNGUARDED_AVAILABILITY = YES_AGGRESSIVE;
				CLANG_WARN_UNREACHABLE_CODE = YES;
				CLANG_WARN__DUPLICATE_METHOD_MATCH = YES;
				COPY_PHASE_STRIP = NO;
				DEBUG_INFORMATION_FORMAT = "dwarf-with-dsym";
				ENABLE_NS_ASSERTIONS = NO;
				ENABLE_STRICT_OBJC_MSGSEND = YES;
				GCC_C_LANGUAGE_STANDARD = gnu11;
				GCC_NO_COMMON_BLOCKS = YES;
				GCC_WARN_64_TO_32_BIT_CONVERSION = YES;
				GCC_WARN_ABOUT_RETURN_TYPE = YES_ERROR;
				GCC_WARN_UNDECLARED_SELECTOR = YES;
				GCC_WARN_UNINITIALIZED_AUTOS = YES_AGGRESSIVE;
				GCC_WARN_UNUSED_FUNCTION = YES;
				GCC_WARN_UNUSED_VARIABLE = YES;
				IPHONEOS_DEPLOYMENT_TARGET = 16.4;
				MTL_ENABLE_DEBUG_INFO = NO;
				MTL_FAST_MATH = YES;
				SDKROOT = iphoneos;
				SWIFT_COMPILATION_MODE = wholemodule;
				SWIFT_OPTIMIZATION_LEVEL = "-O";
				VALIDATE_PRODUCT = YES;
			};
			name = Release;
		};
		4AF254DB2A4B323400F8810D /* Debug */ = {
			isa = XCBuildConfiguration;
			buildSettings = {
				ASSETCATALOG_COMPILER_APPICON_NAME = AppIcon;
				ASSETCATALOG_COMPILER_GLOBAL_ACCENT_COLOR_NAME = AccentColor;
				CODE_SIGN_STYLE = Automatic;
				CURRENT_PROJECT_VERSION = 1;
				DEVELOPMENT_TEAM = SS7U83UJNK;
				GENERATE_INFOPLIST_FILE = YES;
				INFOPLIST_FILE = start_weather/Info.plist;
				INFOPLIST_KEY_UIApplicationSupportsIndirectInputEvents = YES;
				INFOPLIST_KEY_UILaunchStoryboardName = LaunchScreen;
				INFOPLIST_KEY_UIMainStoryboardFile = Main;
				INFOPLIST_KEY_UISupportedInterfaceOrientations_iPad = "UIInterfaceOrientationPortrait UIInterfaceOrientationPortraitUpsideDown UIInterfaceOrientationLandscapeLeft UIInterfaceOrientationLandscapeRight";
				INFOPLIST_KEY_UISupportedInterfaceOrientations_iPhone = "UIInterfaceOrientationPortrait UIInterfaceOrientationLandscapeLeft UIInterfaceOrientationLandscapeRight";
				LD_RUNPATH_SEARCH_PATHS = (
					"$(inherited)",
					"@executable_path/Frameworks",
				);
				MARKETING_VERSION = 1.0;
				PRODUCT_BUNDLE_IDENTIFIER = "com.jake.start-weather";
				PRODUCT_NAME = "$(TARGET_NAME)";
				SWIFT_EMIT_LOC_STRINGS = YES;
				SWIFT_VERSION = 5.0;
				TARGETED_DEVICE_FAMILY = "1,2";
			};
			name = Debug;
		};
		4AF254DC2A4B323400F8810D /* Release */ = {
			isa = XCBuildConfiguration;
			buildSettings = {
				ASSETCATALOG_COMPILER_APPICON_NAME = AppIcon;
				ASSETCATALOG_COMPILER_GLOBAL_ACCENT_COLOR_NAME = AccentColor;
				CODE_SIGN_STYLE = Automatic;
				CURRENT_PROJECT_VERSION = 1;
				DEVELOPMENT_TEAM = SS7U83UJNK;
				GENERATE_INFOPLIST_FILE = YES;
				INFOPLIST_FILE = start_weather/Info.plist;
				INFOPLIST_KEY_UIApplicationSupportsIndirectInputEvents = YES;
				INFOPLIST_KEY_UILaunchStoryboardName = LaunchScreen;
				INFOPLIST_KEY_UIMainStoryboardFile = Main;
				INFOPLIST_KEY_UISupportedInterfaceOrientations_iPad = "UIInterfaceOrientationPortrait UIInterfaceOrientationPortraitUpsideDown UIInterfaceOrientationLandscapeLeft UIInterfaceOrientationLandscapeRight";
				INFOPLIST_KEY_UISupportedInterfaceOrientations_iPhone = "UIInterfaceOrientationPortrait UIInterfaceOrientationLandscapeLeft UIInterfaceOrientationLandscapeRight";
				LD_RUNPATH_SEARCH_PATHS = (
					"$(inherited)",
					"@executable_path/Frameworks",
				);
				MARKETING_VERSION = 1.0;
				PRODUCT_BUNDLE_IDENTIFIER = "com.jake.start-weather";
				PRODUCT_NAME = "$(TARGET_NAME)";
				SWIFT_EMIT_LOC_STRINGS = YES;
				SWIFT_VERSION = 5.0;
				TARGETED_DEVICE_FAMILY = "1,2";
			};
			name = Release;
		};
		4AF254DE2A4B323400F8810D /* Debug */ = {
			isa = XCBuildConfiguration;
			buildSettings = {
				ALWAYS_EMBED_SWIFT_STANDARD_LIBRARIES = YES;
				BUNDLE_LOADER = "$(TEST_HOST)";
				CODE_SIGN_STYLE = Automatic;
				CURRENT_PROJECT_VERSION = 1;
				DEVELOPMENT_TEAM = SS7U83UJNK;
				GENERATE_INFOPLIST_FILE = YES;
				IPHONEOS_DEPLOYMENT_TARGET = 16.4;
				MARKETING_VERSION = 1.0;
				PRODUCT_BUNDLE_IDENTIFIER = "com.jake.start-weatherTests";
				PRODUCT_NAME = "$(TARGET_NAME)";
				SWIFT_EMIT_LOC_STRINGS = NO;
				SWIFT_VERSION = 5.0;
				TARGETED_DEVICE_FAMILY = "1,2";
				TEST_HOST = "$(BUILT_PRODUCTS_DIR)/start_weather.app/$(BUNDLE_EXECUTABLE_FOLDER_PATH)/start_weather";
			};
			name = Debug;
		};
		4AF254DF2A4B323400F8810D /* Release */ = {
			isa = XCBuildConfiguration;
			buildSettings = {
				ALWAYS_EMBED_SWIFT_STANDARD_LIBRARIES = YES;
				BUNDLE_LOADER = "$(TEST_HOST)";
				CODE_SIGN_STYLE = Automatic;
				CURRENT_PROJECT_VERSION = 1;
				DEVELOPMENT_TEAM = SS7U83UJNK;
				GENERATE_INFOPLIST_FILE = YES;
				IPHONEOS_DEPLOYMENT_TARGET = 16.4;
				MARKETING_VERSION = 1.0;
				PRODUCT_BUNDLE_IDENTIFIER = "com.jake.start-weatherTests";
				PRODUCT_NAME = "$(TARGET_NAME)";
				SWIFT_EMIT_LOC_STRINGS = NO;
				SWIFT_VERSION = 5.0;
				TARGETED_DEVICE_FAMILY = "1,2";
				TEST_HOST = "$(BUILT_PRODUCTS_DIR)/start_weather.app/$(BUNDLE_EXECUTABLE_FOLDER_PATH)/start_weather";
			};
			name = Release;
		};
		4AF254E12A4B323400F8810D /* Debug */ = {
			isa = XCBuildConfiguration;
			buildSettings = {
				ALWAYS_EMBED_SWIFT_STANDARD_LIBRARIES = YES;
				CODE_SIGN_STYLE = Automatic;
				CURRENT_PROJECT_VERSION = 1;
				DEVELOPMENT_TEAM = SS7U83UJNK;
				GENERATE_INFOPLIST_FILE = YES;
				MARKETING_VERSION = 1.0;
				PRODUCT_BUNDLE_IDENTIFIER = "com.jake.start-weatherUITests";
				PRODUCT_NAME = "$(TARGET_NAME)";
				SWIFT_EMIT_LOC_STRINGS = NO;
				SWIFT_VERSION = 5.0;
				TARGETED_DEVICE_FAMILY = "1,2";
				TEST_TARGET_NAME = start_weather;
			};
			name = Debug;
		};
		4AF254E22A4B323400F8810D /* Release */ = {
			isa = XCBuildConfiguration;
			buildSettings = {
				ALWAYS_EMBED_SWIFT_STANDARD_LIBRARIES = YES;
				CODE_SIGN_STYLE = Automatic;
				CURRENT_PROJECT_VERSION = 1;
				DEVELOPMENT_TEAM = SS7U83UJNK;
				GENERATE_INFOPLIST_FILE = YES;
				MARKETING_VERSION = 1.0;
				PRODUCT_BUNDLE_IDENTIFIER = "com.jake.start-weatherUITests";
				PRODUCT_NAME = "$(TARGET_NAME)";
				SWIFT_EMIT_LOC_STRINGS = NO;
				SWIFT_VERSION = 5.0;
				TARGETED_DEVICE_FAMILY = "1,2";
				TEST_TARGET_NAME = start_weather;
			};
			name = Release;
		};
/* End XCBuildConfiguration section */

/* Begin XCConfigurationList section */
		4AF254AB2A4B323300F8810D /* Build configuration list for PBXProject "start_weather" */ = {
			isa = XCConfigurationList;
			buildConfigurations = (
				4AF254D82A4B323400F8810D /* Debug */,
				4AF254D92A4B323400F8810D /* Release */,
			);
			defaultConfigurationIsVisible = 0;
			defaultConfigurationName = Release;
		};
		4AF254DA2A4B323400F8810D /* Build configuration list for PBXNativeTarget "start_weather" */ = {
			isa = XCConfigurationList;
			buildConfigurations = (
				4AF254DB2A4B323400F8810D /* Debug */,
				4AF254DC2A4B323400F8810D /* Release */,
			);
			defaultConfigurationIsVisible = 0;
			defaultConfigurationName = Release;
		};
		4AF254DD2A4B323400F8810D /* Build configuration list for PBXNativeTarget "start_weatherTests" */ = {
			isa = XCConfigurationList;
			buildConfigurations = (
				4AF254DE2A4B323400F8810D /* Debug */,
				4AF254DF2A4B323400F8810D /* Release */,
			);
			defaultConfigurationIsVisible = 0;
			defaultConfigurationName = Release;
		};
		4AF254E02A4B323400F8810D /* Build configuration list for PBXNativeTarget "start_weatherUITests" */ = {
			isa = XCConfigurationList;
			buildConfigurations = (
				4AF254E12A4B323400F8810D /* Debug */,
				4AF254E22A4B323400F8810D /* Release */,
			);
			defaultConfigurationIsVisible = 0;
			defaultConfigurationName = Release;
		};
/* End XCConfigurationList section */
	};
	rootObject = 4AF254A82A4B323300F8810D /* Project object */;
}
