// !$*UTF8*$!
{
	archiveVersion = 1;
	classes = {
	};
	objectVersion = 56;
	objects = {

/* Begin PBXBuildFile section */
		4A5B08902A4B2E80007BB697 /* AppDelegate.swift in Sources */ = {isa = PBXBuildFile; fileRef = 4A5B088F2A4B2E80007BB697 /* AppDelegate.swift */; };
		4A5B08922A4B2E80007BB697 /* SceneDelegate.swift in Sources */ = {isa = PBXBuildFile; fileRef = 4A5B08912A4B2E80007BB697 /* SceneDelegate.swift */; };
		4A5B08942A4B2E80007BB697 /* ViewController.swift in Sources */ = {isa = PBXBuildFile; fileRef = 4A5B08932A4B2E80007BB697 /* ViewController.swift */; };
		4A5B08972A4B2E80007BB697 /* Main.storyboard in Resources */ = {isa = PBXBuildFile; fileRef = 4A5B08952A4B2E80007BB697 /* Main.storyboard */; };
		4A5B08992A4B2E81007BB697 /* Assets.xcassets in Resources */ = {isa = PBXBuildFile; fileRef = 4A5B08982A4B2E81007BB697 /* Assets.xcassets */; };
		4A5B089C2A4B2E81007BB697 /* LaunchScreen.storyboard in Resources */ = {isa = PBXBuildFile; fileRef = 4A5B089A2A4B2E81007BB697 /* LaunchScreen.storyboard */; };
		4A5B08A72A4B2E81007BB697 /* complete_calculatorTests.swift in Sources */ = {isa = PBXBuildFile; fileRef = 4A5B08A62A4B2E81007BB697 /* complete_calculatorTests.swift */; };
		4A5B08B12A4B2E81007BB697 /* complete_calculatorUITests.swift in Sources */ = {isa = PBXBuildFile; fileRef = 4A5B08B02A4B2E81007BB697 /* complete_calculatorUITests.swift */; };
		4A5B08B32A4B2E81007BB697 /* complete_calculatorUITestsLaunchTests.swift in Sources */ = {isa = PBXBuildFile; fileRef = 4A5B08B22A4B2E81007BB697 /* complete_calculatorUITestsLaunchTests.swift */; };
		4A7774432A516151001FEFE7 /* CalculatorCollectionView.swift in Sources */ = {isa = PBXBuildFile; fileRef = 4A7774422A516151001FEFE7 /* CalculatorCollectionView.swift */; };
		4A7774452A516157001FEFE7 /* CalculatorCell.swift in Sources */ = {isa = PBXBuildFile; fileRef = 4A7774442A516157001FEFE7 /* CalculatorCell.swift */; };
/* End PBXBuildFile section */

/* Begin PBXContainerItemProxy section */
		4A5B08A32A4B2E81007BB697 /* PBXContainerItemProxy */ = {
			isa = PBXContainerItemProxy;
			containerPortal = 4A5B08842A4B2E80007BB697 /* Project object */;
			proxyType = 1;
			remoteGlobalIDString = 4A5B088B2A4B2E80007BB697;
			remoteInfo = complete_calculator;
		};
		4A5B08AD2A4B2E81007BB697 /* PBXContainerItemProxy */ = {
			isa = PBXContainerItemProxy;
			containerPortal = 4A5B08842A4B2E80007BB697 /* Project object */;
			proxyType = 1;
			remoteGlobalIDString = 4A5B088B2A4B2E80007BB697;
			remoteInfo = complete_calculator;
		};
/* End PBXContainerItemProxy section */

/* Begin PBXFileReference section */
		4A5B088C2A4B2E80007BB697 /* complete_calculator.app */ = {isa = PBXFileReference; explicitFileType = wrapper.application; includeInIndex = 0; path = complete_calculator.app; sourceTree = BUILT_PRODUCTS_DIR; };
		4A5B088F2A4B2E80007BB697 /* AppDelegate.swift */ = {isa = PBXFileReference; lastKnownFileType = sourcecode.swift; path = AppDelegate.swift; sourceTree = "<group>"; };
		4A5B08912A4B2E80007BB697 /* SceneDelegate.swift */ = {isa = PBXFileReference; lastKnownFileType = sourcecode.swift; path = SceneDelegate.swift; sourceTree = "<group>"; };
		4A5B08932A4B2E80007BB697 /* ViewController.swift */ = {isa = PBXFileReference; lastKnownFileType = sourcecode.swift; path = ViewController.swift; sourceTree = "<group>"; };
		4A5B08962A4B2E80007BB697 /* Base */ = {isa = PBXFileReference; lastKnownFileType = file.storyboard; name = Base; path = Base.lproj/Main.storyboard; sourceTree = "<group>"; };
		4A5B08982A4B2E81007BB697 /* Assets.xcassets */ = {isa = PBXFileReference; lastKnownFileType = folder.assetcatalog; path = Assets.xcassets; sourceTree = "<group>"; };
		4A5B089B2A4B2E81007BB697 /* Base */ = {isa = PBXFileReference; lastKnownFileType = file.storyboard; name = Base; path = Base.lproj/LaunchScreen.storyboard; sourceTree = "<group>"; };
		4A5B089D2A4B2E81007BB697 /* Info.plist */ = {isa = PBXFileReference; lastKnownFileType = text.plist.xml; path = Info.plist; sourceTree = "<group>"; };
		4A5B08A22A4B2E81007BB697 /* complete_calculatorTests.xctest */ = {isa = PBXFileReference; explicitFileType = wrapper.cfbundle; includeInIndex = 0; path = complete_calculatorTests.xctest; sourceTree = BUILT_PRODUCTS_DIR; };
		4A5B08A62A4B2E81007BB697 /* complete_calculatorTests.swift */ = {isa = PBXFileReference; lastKnownFileType = sourcecode.swift; path = complete_calculatorTests.swift; sourceTree = "<group>"; };
		4A5B08AC2A4B2E81007BB697 /* complete_calculatorUITests.xctest */ = {isa = PBXFileReference; explicitFileType = wrapper.cfbundle; includeInIndex = 0; path = complete_calculatorUITests.xctest; sourceTree = BUILT_PRODUCTS_DIR; };
		4A5B08B02A4B2E81007BB697 /* complete_calculatorUITests.swift */ = {isa = PBXFileReference; lastKnownFileType = sourcecode.swift; path = complete_calculatorUITests.swift; sourceTree = "<group>"; };
		4A5B08B22A4B2E81007BB697 /* complete_calculatorUITestsLaunchTests.swift */ = {isa = PBXFileReference; lastKnownFileType = sourcecode.swift; path = complete_calculatorUITestsLaunchTests.swift; sourceTree = "<group>"; };
		4A7774422A516151001FEFE7 /* CalculatorCollectionView.swift */ = {isa = PBXFileReference; lastKnownFileType = sourcecode.swift; path = CalculatorCollectionView.swift; sourceTree = "<group>"; };
		4A7774442A516157001FEFE7 /* CalculatorCell.swift */ = {isa = PBXFileReference; lastKnownFileType = sourcecode.swift; path = CalculatorCell.swift; sourceTree = "<group>"; };
/* End PBXFileReference section */

/* Begin PBXFrameworksBuildPhase section */
		4A5B08892A4B2E80007BB697 /* Frameworks */ = {
			isa = PBXFrameworksBuildPhase;
			buildActionMask = 2147483647;
			files = (
			);
			runOnlyForDeploymentPostprocessing = 0;
		};
		4A5B089F2A4B2E81007BB697 /* Frameworks */ = {
			isa = PBXFrameworksBuildPhase;
			buildActionMask = 2147483647;
			files = (
			);
			runOnlyForDeploymentPostprocessing = 0;
		};
		4A5B08A92A4B2E81007BB697 /* Frameworks */ = {
			isa = PBXFrameworksBuildPhase;
			buildActionMask = 2147483647;
			files = (
			);
			runOnlyForDeploymentPostprocessing = 0;
		};
/* End PBXFrameworksBuildPhase section */

/* Begin PBXGroup section */
		4A5B08832A4B2E80007BB697 = {
			isa = PBXGroup;
			children = (
				4A5B088E2A4B2E80007BB697 /* complete_calculator */,
				4A5B08A52A4B2E81007BB697 /* complete_calculatorTests */,
				4A5B08AF2A4B2E81007BB697 /* complete_calculatorUITests */,
				4A5B088D2A4B2E80007BB697 /* Products */,
			);
			sourceTree = "<group>";
		};
		4A5B088D2A4B2E80007BB697 /* Products */ = {
			isa = PBXGroup;
			children = (
				4A5B088C2A4B2E80007BB697 /* complete_calculator.app */,
				4A5B08A22A4B2E81007BB697 /* complete_calculatorTests.xctest */,
				4A5B08AC2A4B2E81007BB697 /* complete_calculatorUITests.xctest */,
			);
			name = Products;
			sourceTree = "<group>";
		};
		4A5B088E2A4B2E80007BB697 /* complete_calculator */ = {
			isa = PBXGroup;
			children = (
				4A7774412A516134001FEFE7 /* Model */,
				4A7774402A516131001FEFE7 /* View */,
				4A77743F2A51612B001FEFE7 /* Controller */,
				4A5B088F2A4B2E80007BB697 /* AppDelegate.swift */,
				4A5B08912A4B2E80007BB697 /* SceneDelegate.swift */,
				4A5B08952A4B2E80007BB697 /* Main.storyboard */,
				4A5B08982A4B2E81007BB697 /* Assets.xcassets */,
				4A5B089A2A4B2E81007BB697 /* LaunchScreen.storyboard */,
				4A5B089D2A4B2E81007BB697 /* Info.plist */,
			);
			path = complete_calculator;
			sourceTree = "<group>";
		};
		4A5B08A52A4B2E81007BB697 /* complete_calculatorTests */ = {
			isa = PBXGroup;
			children = (
				4A5B08A62A4B2E81007BB697 /* complete_calculatorTests.swift */,
			);
			path = complete_calculatorTests;
			sourceTree = "<group>";
		};
		4A5B08AF2A4B2E81007BB697 /* complete_calculatorUITests */ = {
			isa = PBXGroup;
			children = (
				4A5B08B02A4B2E81007BB697 /* complete_calculatorUITests.swift */,
				4A5B08B22A4B2E81007BB697 /* complete_calculatorUITestsLaunchTests.swift */,
			);
			path = complete_calculatorUITests;
			sourceTree = "<group>";
		};
		4A77743F2A51612B001FEFE7 /* Controller */ = {
			isa = PBXGroup;
			children = (
				4A5B08932A4B2E80007BB697 /* ViewController.swift */,
			);
			path = Controller;
			sourceTree = "<group>";
		};
		4A7774402A516131001FEFE7 /* View */ = {
			isa = PBXGroup;
			children = (
				4A7774422A516151001FEFE7 /* CalculatorCollectionView.swift */,
				4A7774442A516157001FEFE7 /* CalculatorCell.swift */,
			);
			path = View;
			sourceTree = "<group>";
		};
		4A7774412A516134001FEFE7 /* Model */ = {
			isa = PBXGroup;
			children = (
			);
			path = Model;
			sourceTree = "<group>";
		};
/* End PBXGroup section */

/* Begin PBXNativeTarget section */
		4A5B088B2A4B2E80007BB697 /* complete_calculator */ = {
			isa = PBXNativeTarget;
			buildConfigurationList = 4A5B08B62A4B2E81007BB697 /* Build configuration list for PBXNativeTarget "complete_calculator" */;
			buildPhases = (
				4A5B08882A4B2E80007BB697 /* Sources */,
				4A5B08892A4B2E80007BB697 /* Frameworks */,
				4A5B088A2A4B2E80007BB697 /* Resources */,
			);
			buildRules = (
			);
			dependencies = (
			);
			name = complete_calculator;
			productName = complete_calculator;
			productReference = 4A5B088C2A4B2E80007BB697 /* complete_calculator.app */;
			productType = "com.apple.product-type.application";
		};
		4A5B08A12A4B2E81007BB697 /* complete_calculatorTests */ = {
			isa = PBXNativeTarget;
			buildConfigurationList = 4A5B08B92A4B2E81007BB697 /* Build configuration list for PBXNativeTarget "complete_calculatorTests" */;
			buildPhases = (
				4A5B089E2A4B2E81007BB697 /* Sources */,
				4A5B089F2A4B2E81007BB697 /* Frameworks */,
				4A5B08A02A4B2E81007BB697 /* Resources */,
			);
			buildRules = (
			);
			dependencies = (
				4A5B08A42A4B2E81007BB697 /* PBXTargetDependency */,
			);
			name = complete_calculatorTests;
			productName = complete_calculatorTests;
			productReference = 4A5B08A22A4B2E81007BB697 /* complete_calculatorTests.xctest */;
			productType = "com.apple.product-type.bundle.unit-test";
		};
		4A5B08AB2A4B2E81007BB697 /* complete_calculatorUITests */ = {
			isa = PBXNativeTarget;
			buildConfigurationList = 4A5B08BC2A4B2E81007BB697 /* Build configuration list for PBXNativeTarget "complete_calculatorUITests" */;
			buildPhases = (
				4A5B08A82A4B2E81007BB697 /* Sources */,
				4A5B08A92A4B2E81007BB697 /* Frameworks */,
				4A5B08AA2A4B2E81007BB697 /* Resources */,
			);
			buildRules = (
			);
			dependencies = (
				4A5B08AE2A4B2E81007BB697 /* PBXTargetDependency */,
			);
			name = complete_calculatorUITests;
			productName = complete_calculatorUITests;
			productReference = 4A5B08AC2A4B2E81007BB697 /* complete_calculatorUITests.xctest */;
			productType = "com.apple.product-type.bundle.ui-testing";
		};
/* End PBXNativeTarget section */

/* Begin PBXProject section */
		4A5B08842A4B2E80007BB697 /* Project object */ = {
			isa = PBXProject;
			attributes = {
				BuildIndependentTargetsInParallel = 1;
				LastSwiftUpdateCheck = 1430;
				LastUpgradeCheck = 1430;
				TargetAttributes = {
					4A5B088B2A4B2E80007BB697 = {
						CreatedOnToolsVersion = 14.3.1;
					};
					4A5B08A12A4B2E81007BB697 = {
						CreatedOnToolsVersion = 14.3.1;
						TestTargetID = 4A5B088B2A4B2E80007BB697;
					};
					4A5B08AB2A4B2E81007BB697 = {
						CreatedOnToolsVersion = 14.3.1;
						TestTargetID = 4A5B088B2A4B2E80007BB697;
					};
				};
			};
			buildConfigurationList = 4A5B08872A4B2E80007BB697 /* Build configuration list for PBXProject "complete_calculator" */;
			compatibilityVersion = "Xcode 14.0";
			developmentRegion = en;
			hasScannedForEncodings = 0;
			knownRegions = (
				en,
				Base,
			);
			mainGroup = 4A5B08832A4B2E80007BB697;
			productRefGroup = 4A5B088D2A4B2E80007BB697 /* Products */;
			projectDirPath = "";
			projectRoot = "";
			targets = (
				4A5B088B2A4B2E80007BB697 /* complete_calculator */,
				4A5B08A12A4B2E81007BB697 /* complete_calculatorTests */,
				4A5B08AB2A4B2E81007BB697 /* complete_calculatorUITests */,
			);
		};
/* End PBXProject section */

/* Begin PBXResourcesBuildPhase section */
		4A5B088A2A4B2E80007BB697 /* Resources */ = {
			isa = PBXResourcesBuildPhase;
			buildActionMask = 2147483647;
			files = (
				4A5B089C2A4B2E81007BB697 /* LaunchScreen.storyboard in Resources */,
				4A5B08992A4B2E81007BB697 /* Assets.xcassets in Resources */,
				4A5B08972A4B2E80007BB697 /* Main.storyboard in Resources */,
			);
			runOnlyForDeploymentPostprocessing = 0;
		};
		4A5B08A02A4B2E81007BB697 /* Resources */ = {
			isa = PBXResourcesBuildPhase;
			buildActionMask = 2147483647;
			files = (
			);
			runOnlyForDeploymentPostprocessing = 0;
		};
		4A5B08AA2A4B2E81007BB697 /* Resources */ = {
			isa = PBXResourcesBuildPhase;
			buildActionMask = 2147483647;
			files = (
			);
			runOnlyForDeploymentPostprocessing = 0;
		};
/* End PBXResourcesBuildPhase section */

/* Begin PBXSourcesBuildPhase section */
		4A5B08882A4B2E80007BB697 /* Sources */ = {
			isa = PBXSourcesBuildPhase;
			buildActionMask = 2147483647;
			files = (
				4A5B08942A4B2E80007BB697 /* ViewController.swift in Sources */,
				4A5B08902A4B2E80007BB697 /* AppDelegate.swift in Sources */,
				4A7774432A516151001FEFE7 /* CalculatorCollectionView.swift in Sources */,
				4A7774452A516157001FEFE7 /* CalculatorCell.swift in Sources */,
				4A5B08922A4B2E80007BB697 /* SceneDelegate.swift in Sources */,
			);
			runOnlyForDeploymentPostprocessing = 0;
		};
		4A5B089E2A4B2E81007BB697 /* Sources */ = {
			isa = PBXSourcesBuildPhase;
			buildActionMask = 2147483647;
			files = (
				4A5B08A72A4B2E81007BB697 /* complete_calculatorTests.swift in Sources */,
			);
			runOnlyForDeploymentPostprocessing = 0;
		};
		4A5B08A82A4B2E81007BB697 /* Sources */ = {
			isa = PBXSourcesBuildPhase;
			buildActionMask = 2147483647;
			files = (
				4A5B08B12A4B2E81007BB697 /* complete_calculatorUITests.swift in Sources */,
				4A5B08B32A4B2E81007BB697 /* complete_calculatorUITestsLaunchTests.swift in Sources */,
			);
			runOnlyForDeploymentPostprocessing = 0;
		};
/* End PBXSourcesBuildPhase section */

/* Begin PBXTargetDependency section */
		4A5B08A42A4B2E81007BB697 /* PBXTargetDependency */ = {
			isa = PBXTargetDependency;
			target = 4A5B088B2A4B2E80007BB697 /* complete_calculator */;
			targetProxy = 4A5B08A32A4B2E81007BB697 /* PBXContainerItemProxy */;
		};
		4A5B08AE2A4B2E81007BB697 /* PBXTargetDependency */ = {
			isa = PBXTargetDependency;
			target = 4A5B088B2A4B2E80007BB697 /* complete_calculator */;
			targetProxy = 4A5B08AD2A4B2E81007BB697 /* PBXContainerItemProxy */;
		};
/* End PBXTargetDependency section */

/* Begin PBXVariantGroup section */
		4A5B08952A4B2E80007BB697 /* Main.storyboard */ = {
			isa = PBXVariantGroup;
			children = (
				4A5B08962A4B2E80007BB697 /* Base */,
			);
			name = Main.storyboard;
			sourceTree = "<group>";
		};
		4A5B089A2A4B2E81007BB697 /* LaunchScreen.storyboard */ = {
			isa = PBXVariantGroup;
			children = (
				4A5B089B2A4B2E81007BB697 /* Base */,
			);
			name = LaunchScreen.storyboard;
			sourceTree = "<group>";
		};
/* End PBXVariantGroup section */

/* Begin XCBuildConfiguration section */
		4A5B08B42A4B2E81007BB697 /* Debug */ = {
			isa = XCBuildConfiguration;
			buildSettings = {
				ALWAYS_SEARCH_USER_PATHS = NO;
				CLANG_ANALYZER_NONNULL = YES;
				CLANG_ANALYZER_NUMBER_OBJECT_CONVERSION = YES_AGGRESSIVE;
				CLANG_CXX_LANGUAGE_STANDARD = "gnu++20";
				CLANG_ENABLE_MODULES = YES;
				CLANG_ENABLE_OBJC_ARC = YES;
				CLANG_ENABLE_OBJC_WEAK = YES;
				CLANG_WARN_BLOCK_CAPTURE_AUTORELEASING = YES;
				CLANG_WARN_BOOL_CONVERSION = YES;
				CLANG_WARN_COMMA = YES;
				CLANG_WARN_CONSTANT_CONVERSION = YES;
				CLANG_WARN_DEPRECATED_OBJC_IMPLEMENTATIONS = YES;
				CLANG_WARN_DIRECT_OBJC_ISA_USAGE = YES_ERROR;
				CLANG_WARN_DOCUMENTATION_COMMENTS = YES;
				CLANG_WARN_EMPTY_BODY = YES;
				CLANG_WARN_ENUM_CONVERSION = YES;
				CLANG_WARN_INFINITE_RECURSION = YES;
				CLANG_WARN_INT_CONVERSION = YES;
				CLANG_WARN_NON_LITERAL_NULL_CONVERSION = YES;
				CLANG_WARN_OBJC_IMPLICIT_RETAIN_SELF = YES;
				CLANG_WARN_OBJC_LITERAL_CONVERSION = YES;
				CLANG_WARN_OBJC_ROOT_CLASS = YES_ERROR;
				CLANG_WARN_QUOTED_INCLUDE_IN_FRAMEWORK_HEADER = YES;
				CLANG_WARN_RANGE_LOOP_ANALYSIS = YES;
				CLANG_WARN_STRICT_PROTOTYPES = YES;
				CLANG_WARN_SUSPICIOUS_MOVE = YES;
				CLANG_WARN_UNGUARDED_AVAILABILITY = YES_AGGRESSIVE;
				CLANG_WARN_UNREACHABLE_CODE = YES;
				CLANG_WARN__DUPLICATE_METHOD_MATCH = YES;
				COPY_PHASE_STRIP = NO;
				DEBUG_INFORMATION_FORMAT = dwarf;
				ENABLE_STRICT_OBJC_MSGSEND = YES;
				ENABLE_TESTABILITY = YES;
				GCC_C_LANGUAGE_STANDARD = gnu11;
				GCC_DYNAMIC_NO_PIC = NO;
				GCC_NO_COMMON_BLOCKS = YES;
				GCC_OPTIMIZATION_LEVEL = 0;
				GCC_PREPROCESSOR_DEFINITIONS = (
					"DEBUG=1",
					"$(inherited)",
				);
				GCC_WARN_64_TO_32_BIT_CONVERSION = YES;
				GCC_WARN_ABOUT_RETURN_TYPE = YES_ERROR;
				GCC_WARN_UNDECLARED_SELECTOR = YES;
				GCC_WARN_UNINITIALIZED_AUTOS = YES_AGGRESSIVE;
				GCC_WARN_UNUSED_FUNCTION = YES;
				GCC_WARN_UNUSED_VARIABLE = YES;
				IPHONEOS_DEPLOYMENT_TARGET = 16.4;
				MTL_ENABLE_DEBUG_INFO = INCLUDE_SOURCE;
				MTL_FAST_MATH = YES;
				ONLY_ACTIVE_ARCH = YES;
				SDKROOT = iphoneos;
				SWIFT_ACTIVE_COMPILATION_CONDITIONS = DEBUG;
				SWIFT_OPTIMIZATION_LEVEL = "-Onone";
			};
			name = Debug;
		};
		4A5B08B52A4B2E81007BB697 /* Release */ = {
			isa = XCBuildConfiguration;
			buildSettings = {
				ALWAYS_SEARCH_USER_PATHS = NO;
				CLANG_ANALYZER_NONNULL = YES;
				CLANG_ANALYZER_NUMBER_OBJECT_CONVERSION = YES_AGGRESSIVE;
				CLANG_CXX_LANGUAGE_STANDARD = "gnu++20";
				CLANG_ENABLE_MODULES = YES;
				CLANG_ENABLE_OBJC_ARC = YES;
				CLANG_ENABLE_OBJC_WEAK = YES;
				CLANG_WARN_BLOCK_CAPTURE_AUTORELEASING = YES;
				CLANG_WARN_BOOL_CONVERSION = YES;
				CLANG_WARN_COMMA = YES;
				CLANG_WARN_CONSTANT_CONVERSION = YES;
				CLANG_WARN_DEPRECATED_OBJC_IMPLEMENTATIONS = YES;
				CLANG_WARN_DIRECT_OBJC_ISA_USAGE = YES_ERROR;
				CLANG_WARN_DOCUMENTATION_COMMENTS = YES;
				CLANG_WARN_EMPTY_BODY = YES;
				CLANG_WARN_ENUM_CONVERSION = YES;
				CLANG_WARN_INFINITE_RECURSION = YES;
				CLANG_WARN_INT_CONVERSION = YES;
				CLANG_WARN_NON_LITERAL_NULL_CONVERSION = YES;
				CLANG_WARN_OBJC_IMPLICIT_RETAIN_SELF = YES;
				CLANG_WARN_OBJC_LITERAL_CONVERSION = YES;
				CLANG_WARN_OBJC_ROOT_CLASS = YES_ERROR;
				CLANG_WARN_QUOTED_INCLUDE_IN_FRAMEWORK_HEADER = YES;
				CLANG_WARN_RANGE_LOOP_ANALYSIS = YES;
				CLANG_WARN_STRICT_PROTOTYPES = YES;
				CLANG_WARN_SUSPICIOUS_MOVE = YES;
				CLANG_WARN_UNGUARDED_AVAILABILITY = YES_AGGRESSIVE;
				CLANG_WARN_UNREACHABLE_CODE = YES;
				CLANG_WARN__DUPLICATE_METHOD_MATCH = YES;
				COPY_PHASE_STRIP = NO;
				DEBUG_INFORMATION_FORMAT = "dwarf-with-dsym";
				ENABLE_NS_ASSERTIONS = NO;
				ENABLE_STRICT_OBJC_MSGSEND = YES;
				GCC_C_LANGUAGE_STANDARD = gnu11;
				GCC_NO_COMMON_BLOCKS = YES;
				GCC_WARN_64_TO_32_BIT_CONVERSION = YES;
				GCC_WARN_ABOUT_RETURN_TYPE = YES_ERROR;
				GCC_WARN_UNDECLARED_SELECTOR = YES;
				GCC_WARN_UNINITIALIZED_AUTOS = YES_AGGRESSIVE;
				GCC_WARN_UNUSED_FUNCTION = YES;
				GCC_WARN_UNUSED_VARIABLE = YES;
				IPHONEOS_DEPLOYMENT_TARGET = 16.4;
				MTL_ENABLE_DEBUG_INFO = NO;
				MTL_FAST_MATH = YES;
				SDKROOT = iphoneos;
				SWIFT_COMPILATION_MODE = wholemodule;
				SWIFT_OPTIMIZATION_LEVEL = "-O";
				VALIDATE_PRODUCT = YES;
			};
			name = Release;
		};
		4A5B08B72A4B2E81007BB697 /* Debug */ = {
			isa = XCBuildConfiguration;
			buildSettings = {
				ASSETCATALOG_COMPILER_APPICON_NAME = AppIcon;
				ASSETCATALOG_COMPILER_GLOBAL_ACCENT_COLOR_NAME = AccentColor;
				CODE_SIGN_STYLE = Automatic;
				CURRENT_PROJECT_VERSION = 1;
				DEVELOPMENT_TEAM = SS7U83UJNK;
				GENERATE_INFOPLIST_FILE = YES;
				INFOPLIST_FILE = complete_calculator/Info.plist;
				INFOPLIST_KEY_UIApplicationSupportsIndirectInputEvents = YES;
				INFOPLIST_KEY_UILaunchStoryboardName = LaunchScreen;
				INFOPLIST_KEY_UIMainStoryboardFile = Main;
				INFOPLIST_KEY_UISupportedInterfaceOrientations_iPad = "UIInterfaceOrientationPortrait UIInterfaceOrientationPortraitUpsideDown UIInterfaceOrientationLandscapeLeft UIInterfaceOrientationLandscapeRight";
				INFOPLIST_KEY_UISupportedInterfaceOrientations_iPhone = "UIInterfaceOrientationPortrait UIInterfaceOrientationLandscapeLeft UIInterfaceOrientationLandscapeRight";
				LD_RUNPATH_SEARCH_PATHS = (
					"$(inherited)",
					"@executable_path/Frameworks",
				);
				MARKETING_VERSION = 1.0;
				PRODUCT_BUNDLE_IDENTIFIER = "com.jake.complete-calculator";
				PRODUCT_NAME = "$(TARGET_NAME)";
				SWIFT_EMIT_LOC_STRINGS = YES;
				SWIFT_VERSION = 5.0;
				TARGETED_DEVICE_FAMILY = "1,2";
			};
			name = Debug;
		};
		4A5B08B82A4B2E81007BB697 /* Release */ = {
			isa = XCBuildConfiguration;
			buildSettings = {
				ASSETCATALOG_COMPILER_APPICON_NAME = AppIcon;
				ASSETCATALOG_COMPILER_GLOBAL_ACCENT_COLOR_NAME = AccentColor;
				CODE_SIGN_STYLE = Automatic;
				CURRENT_PROJECT_VERSION = 1;
				DEVELOPMENT_TEAM = SS7U83UJNK;
				GENERATE_INFOPLIST_FILE = YES;
				INFOPLIST_FILE = complete_calculator/Info.plist;
				INFOPLIST_KEY_UIApplicationSupportsIndirectInputEvents = YES;
				INFOPLIST_KEY_UILaunchStoryboardName = LaunchScreen;
				INFOPLIST_KEY_UIMainStoryboardFile = Main;
				INFOPLIST_KEY_UISupportedInterfaceOrientations_iPad = "UIInterfaceOrientationPortrait UIInterfaceOrientationPortraitUpsideDown UIInterfaceOrientationLandscapeLeft UIInterfaceOrientationLandscapeRight";
				INFOPLIST_KEY_UISupportedInterfaceOrientations_iPhone = "UIInterfaceOrientationPortrait UIInterfaceOrientationLandscapeLeft UIInterfaceOrientationLandscapeRight";
				LD_RUNPATH_SEARCH_PATHS = (
					"$(inherited)",
					"@executable_path/Frameworks",
				);
				MARKETING_VERSION = 1.0;
				PRODUCT_BUNDLE_IDENTIFIER = "com.jake.complete-calculator";
				PRODUCT_NAME = "$(TARGET_NAME)";
				SWIFT_EMIT_LOC_STRINGS = YES;
				SWIFT_VERSION = 5.0;
				TARGETED_DEVICE_FAMILY = "1,2";
			};
			name = Release;
		};
		4A5B08BA2A4B2E81007BB697 /* Debug */ = {
			isa = XCBuildConfiguration;
			buildSettings = {
				ALWAYS_EMBED_SWIFT_STANDARD_LIBRARIES = YES;
				BUNDLE_LOADER = "$(TEST_HOST)";
				CODE_SIGN_STYLE = Automatic;
				CURRENT_PROJECT_VERSION = 1;
				DEVELOPMENT_TEAM = SS7U83UJNK;
				GENERATE_INFOPLIST_FILE = YES;
				IPHONEOS_DEPLOYMENT_TARGET = 16.4;
				MARKETING_VERSION = 1.0;
				PRODUCT_BUNDLE_IDENTIFIER = "com.jake.complete-calculatorTests";
				PRODUCT_NAME = "$(TARGET_NAME)";
				SWIFT_EMIT_LOC_STRINGS = NO;
				SWIFT_VERSION = 5.0;
				TARGETED_DEVICE_FAMILY = "1,2";
				TEST_HOST = "$(BUILT_PRODUCTS_DIR)/complete_calculator.app/$(BUNDLE_EXECUTABLE_FOLDER_PATH)/complete_calculator";
			};
			name = Debug;
		};
		4A5B08BB2A4B2E81007BB697 /* Release */ = {
			isa = XCBuildConfiguration;
			buildSettings = {
				ALWAYS_EMBED_SWIFT_STANDARD_LIBRARIES = YES;
				BUNDLE_LOADER = "$(TEST_HOST)";
				CODE_SIGN_STYLE = Automatic;
				CURRENT_PROJECT_VERSION = 1;
				DEVELOPMENT_TEAM = SS7U83UJNK;
				GENERATE_INFOPLIST_FILE = YES;
				IPHONEOS_DEPLOYMENT_TARGET = 16.4;
				MARKETING_VERSION = 1.0;
				PRODUCT_BUNDLE_IDENTIFIER = "com.jake.complete-calculatorTests";
				PRODUCT_NAME = "$(TARGET_NAME)";
				SWIFT_EMIT_LOC_STRINGS = NO;
				SWIFT_VERSION = 5.0;
				TARGETED_DEVICE_FAMILY = "1,2";
				TEST_HOST = "$(BUILT_PRODUCTS_DIR)/complete_calculator.app/$(BUNDLE_EXECUTABLE_FOLDER_PATH)/complete_calculator";
			};
			name = Release;
		};
		4A5B08BD2A4B2E81007BB697 /* Debug */ = {
			isa = XCBuildConfiguration;
			buildSettings = {
				ALWAYS_EMBED_SWIFT_STANDARD_LIBRARIES = YES;
				CODE_SIGN_STYLE = Automatic;
				CURRENT_PROJECT_VERSION = 1;
				DEVELOPMENT_TEAM = SS7U83UJNK;
				GENERATE_INFOPLIST_FILE = YES;
				MARKETING_VERSION = 1.0;
				PRODUCT_BUNDLE_IDENTIFIER = "com.jake.complete-calculatorUITests";
				PRODUCT_NAME = "$(TARGET_NAME)";
				SWIFT_EMIT_LOC_STRINGS = NO;
				SWIFT_VERSION = 5.0;
				TARGETED_DEVICE_FAMILY = "1,2";
				TEST_TARGET_NAME = complete_calculator;
			};
			name = Debug;
		};
		4A5B08BE2A4B2E81007BB697 /* Release */ = {
			isa = XCBuildConfiguration;
			buildSettings = {
				ALWAYS_EMBED_SWIFT_STANDARD_LIBRARIES = YES;
				CODE_SIGN_STYLE = Automatic;
				CURRENT_PROJECT_VERSION = 1;
				DEVELOPMENT_TEAM = SS7U83UJNK;
				GENERATE_INFOPLIST_FILE = YES;
				MARKETING_VERSION = 1.0;
				PRODUCT_BUNDLE_IDENTIFIER = "com.jake.complete-calculatorUITests";
				PRODUCT_NAME = "$(TARGET_NAME)";
				SWIFT_EMIT_LOC_STRINGS = NO;
				SWIFT_VERSION = 5.0;
				TARGETED_DEVICE_FAMILY = "1,2";
				TEST_TARGET_NAME = complete_calculator;
			};
			name = Release;
		};
/* End XCBuildConfiguration section */

/* Begin XCConfigurationList section */
		4A5B08872A4B2E80007BB697 /* Build configuration list for PBXProject "complete_calculator" */ = {
			isa = XCConfigurationList;
			buildConfigurations = (
				4A5B08B42A4B2E81007BB697 /* Debug */,
				4A5B08B52A4B2E81007BB697 /* Release */,
			);
			defaultConfigurationIsVisible = 0;
			defaultConfigurationName = Release;
		};
		4A5B08B62A4B2E81007BB697 /* Build configuration list for PBXNativeTarget "complete_calculator" */ = {
			isa = XCConfigurationList;
			buildConfigurations = (
				4A5B08B72A4B2E81007BB697 /* Debug */,
				4A5B08B82A4B2E81007BB697 /* Release */,
			);
			defaultConfigurationIsVisible = 0;
			defaultConfigurationName = Release;
		};
		4A5B08B92A4B2E81007BB697 /* Build configuration list for PBXNativeTarget "complete_calculatorTests" */ = {
			isa = XCConfigurationList;
			buildConfigurations = (
				4A5B08BA2A4B2E81007BB697 /* Debug */,
				4A5B08BB2A4B2E81007BB697 /* Release */,
			);
			defaultConfigurationIsVisible = 0;
			defaultConfigurationName = Release;
		};
		4A5B08BC2A4B2E81007BB697 /* Build configuration list for PBXNativeTarget "complete_calculatorUITests" */ = {
			isa = XCConfigurationList;
			buildConfigurations = (
				4A5B08BD2A4B2E81007BB697 /* Debug */,
				4A5B08BE2A4B2E81007BB697 /* Release */,
			);
			defaultConfigurationIsVisible = 0;
			defaultConfigurationName = Release;
		};
/* End XCConfigurationList section */
	};
	rootObject = 4A5B08842A4B2E80007BB697 /* Project object */;
}
