// !$*UTF8*$!
{
	archiveVersion = 1;
	classes = {
	};
	objectVersion = 56;
	objects = {

/* Begin PBXBuildFile section */
		4A5B0A702A4B2FCC007BB697 /* AppDelegate.swift in Sources */ = {isa = PBXBuildFile; fileRef = 4A5B0A6F2A4B2FCC007BB697 /* AppDelegate.swift */; };
		4A5B0A722A4B2FCC007BB697 /* SceneDelegate.swift in Sources */ = {isa = PBXBuildFile; fileRef = 4A5B0A712A4B2FCC007BB697 /* SceneDelegate.swift */; };
		4A5B0A742A4B2FCC007BB697 /* ViewController.swift in Sources */ = {isa = PBXBuildFile; fileRef = 4A5B0A732A4B2FCC007BB697 /* ViewController.swift */; };
		4A5B0A772A4B2FCC007BB697 /* Main.storyboard in Resources */ = {isa = PBXBuildFile; fileRef = 4A5B0A752A4B2FCC007BB697 /* Main.storyboard */; };
		4A5B0A792A4B2FCC007BB697 /* Assets.xcassets in Resources */ = {isa = PBXBuildFile; fileRef = 4A5B0A782A4B2FCC007BB697 /* Assets.xcassets */; };
		4A5B0A7C2A4B2FCC007BB697 /* LaunchScreen.storyboard in Resources */ = {isa = PBXBuildFile; fileRef = 4A5B0A7A2A4B2FCC007BB697 /* LaunchScreen.storyboard */; };
		4A5B0A872A4B2FCD007BB697 /* complete_shoppingTests.swift in Sources */ = {isa = PBXBuildFile; fileRef = 4A5B0A862A4B2FCD007BB697 /* complete_shoppingTests.swift */; };
		4A5B0A912A4B2FCD007BB697 /* complete_shoppingUITests.swift in Sources */ = {isa = PBXBuildFile; fileRef = 4A5B0A902A4B2FCD007BB697 /* complete_shoppingUITests.swift */; };
		4A5B0A932A4B2FCD007BB697 /* complete_shoppingUITestsLaunchTests.swift in Sources */ = {isa = PBXBuildFile; fileRef = 4A5B0A922A4B2FCD007BB697 /* complete_shoppingUITestsLaunchTests.swift */; };
/* End PBXBuildFile section */

/* Begin PBXContainerItemProxy section */
		4A5B0A832A4B2FCD007BB697 /* PBXContainerItemProxy */ = {
			isa = PBXContainerItemProxy;
			containerPortal = 4A5B0A642A4B2FCC007BB697 /* Project object */;
			proxyType = 1;
			remoteGlobalIDString = 4A5B0A6B2A4B2FCC007BB697;
			remoteInfo = complete_shopping;
		};
		4A5B0A8D2A4B2FCD007BB697 /* PBXContainerItemProxy */ = {
			isa = PBXContainerItemProxy;
			containerPortal = 4A5B0A642A4B2FCC007BB697 /* Project object */;
			proxyType = 1;
			remoteGlobalIDString = 4A5B0A6B2A4B2FCC007BB697;
			remoteInfo = complete_shopping;
		};
/* End PBXContainerItemProxy section */

/* Begin PBXFileReference section */
		4A5B0A6C2A4B2FCC007BB697 /* complete_shopping.app */ = {isa = PBXFileReference; explicitFileType = wrapper.application; includeInIndex = 0; path = complete_shopping.app; sourceTree = BUILT_PRODUCTS_DIR; };
		4A5B0A6F2A4B2FCC007BB697 /* AppDelegate.swift */ = {isa = PBXFileReference; lastKnownFileType = sourcecode.swift; path = AppDelegate.swift; sourceTree = "<group>"; };
		4A5B0A712A4B2FCC007BB697 /* SceneDelegate.swift */ = {isa = PBXFileReference; lastKnownFileType = sourcecode.swift; path = SceneDelegate.swift; sourceTree = "<group>"; };
		4A5B0A732A4B2FCC007BB697 /* ViewController.swift */ = {isa = PBXFileReference; lastKnownFileType = sourcecode.swift; path = ViewController.swift; sourceTree = "<group>"; };
		4A5B0A762A4B2FCC007BB697 /* Base */ = {isa = PBXFileReference; lastKnownFileType = file.storyboard; name = Base; path = Base.lproj/Main.storyboard; sourceTree = "<group>"; };
		4A5B0A782A4B2FCC007BB697 /* Assets.xcassets */ = {isa = PBXFileReference; lastKnownFileType = folder.assetcatalog; path = Assets.xcassets; sourceTree = "<group>"; };
		4A5B0A7B2A4B2FCC007BB697 /* Base */ = {isa = PBXFileReference; lastKnownFileType = file.storyboard; name = Base; path = Base.lproj/LaunchScreen.storyboard; sourceTree = "<group>"; };
		4A5B0A7D2A4B2FCC007BB697 /* Info.plist */ = {isa = PBXFileReference; lastKnownFileType = text.plist.xml; path = Info.plist; sourceTree = "<group>"; };
		4A5B0A822A4B2FCD007BB697 /* complete_shoppingTests.xctest */ = {isa = PBXFileReference; explicitFileType = wrapper.cfbundle; includeInIndex = 0; path = complete_shoppingTests.xctest; sourceTree = BUILT_PRODUCTS_DIR; };
		4A5B0A862A4B2FCD007BB697 /* complete_shoppingTests.swift */ = {isa = PBXFileReference; lastKnownFileType = sourcecode.swift; path = complete_shoppingTests.swift; sourceTree = "<group>"; };
		4A5B0A8C2A4B2FCD007BB697 /* complete_shoppingUITests.xctest */ = {isa = PBXFileReference; explicitFileType = wrapper.cfbundle; includeInIndex = 0; path = complete_shoppingUITests.xctest; sourceTree = BUILT_PRODUCTS_DIR; };
		4A5B0A902A4B2FCD007BB697 /* complete_shoppingUITests.swift */ = {isa = PBXFileReference; lastKnownFileType = sourcecode.swift; path = complete_shoppingUITests.swift; sourceTree = "<group>"; };
		4A5B0A922A4B2FCD007BB697 /* complete_shoppingUITestsLaunchTests.swift */ = {isa = PBXFileReference; lastKnownFileType = sourcecode.swift; path = complete_shoppingUITestsLaunchTests.swift; sourceTree = "<group>"; };
/* End PBXFileReference section */

/* Begin PBXFrameworksBuildPhase section */
		4A5B0A692A4B2FCC007BB697 /* Frameworks */ = {
			isa = PBXFrameworksBuildPhase;
			buildActionMask = 2147483647;
			files = (
			);
			runOnlyForDeploymentPostprocessing = 0;
		};
		4A5B0A7F2A4B2FCD007BB697 /* Frameworks */ = {
			isa = PBXFrameworksBuildPhase;
			buildActionMask = 2147483647;
			files = (
			);
			runOnlyForDeploymentPostprocessing = 0;
		};
		4A5B0A892A4B2FCD007BB697 /* Frameworks */ = {
			isa = PBXFrameworksBuildPhase;
			buildActionMask = 2147483647;
			files = (
			);
			runOnlyForDeploymentPostprocessing = 0;
		};
/* End PBXFrameworksBuildPhase section */

/* Begin PBXGroup section */
		4A5B0A632A4B2FCC007BB697 = {
			isa = PBXGroup;
			children = (
				4A5B0A6E2A4B2FCC007BB697 /* complete_shopping */,
				4A5B0A852A4B2FCD007BB697 /* complete_shoppingTests */,
				4A5B0A8F2A4B2FCD007BB697 /* complete_shoppingUITests */,
				4A5B0A6D2A4B2FCC007BB697 /* Products */,
			);
			sourceTree = "<group>";
		};
		4A5B0A6D2A4B2FCC007BB697 /* Products */ = {
			isa = PBXGroup;
			children = (
				4A5B0A6C2A4B2FCC007BB697 /* complete_shopping.app */,
				4A5B0A822A4B2FCD007BB697 /* complete_shoppingTests.xctest */,
				4A5B0A8C2A4B2FCD007BB697 /* complete_shoppingUITests.xctest */,
			);
			name = Products;
			sourceTree = "<group>";
		};
		4A5B0A6E2A4B2FCC007BB697 /* complete_shopping */ = {
			isa = PBXGroup;
			children = (
				4A5B0A6F2A4B2FCC007BB697 /* AppDelegate.swift */,
				4A5B0A712A4B2FCC007BB697 /* SceneDelegate.swift */,
				4A5B0A732A4B2FCC007BB697 /* ViewController.swift */,
				4A5B0A752A4B2FCC007BB697 /* Main.storyboard */,
				4A5B0A782A4B2FCC007BB697 /* Assets.xcassets */,
				4A5B0A7A2A4B2FCC007BB697 /* LaunchScreen.storyboard */,
				4A5B0A7D2A4B2FCC007BB697 /* Info.plist */,
			);
			path = complete_shopping;
			sourceTree = "<group>";
		};
		4A5B0A852A4B2FCD007BB697 /* complete_shoppingTests */ = {
			isa = PBXGroup;
			children = (
				4A5B0A862A4B2FCD007BB697 /* complete_shoppingTests.swift */,
			);
			path = complete_shoppingTests;
			sourceTree = "<group>";
		};
		4A5B0A8F2A4B2FCD007BB697 /* complete_shoppingUITests */ = {
			isa = PBXGroup;
			children = (
				4A5B0A902A4B2FCD007BB697 /* complete_shoppingUITests.swift */,
				4A5B0A922A4B2FCD007BB697 /* complete_shoppingUITestsLaunchTests.swift */,
			);
			path = complete_shoppingUITests;
			sourceTree = "<group>";
		};
/* End PBXGroup section */

/* Begin PBXNativeTarget section */
		4A5B0A6B2A4B2FCC007BB697 /* complete_shopping */ = {
			isa = PBXNativeTarget;
			buildConfigurationList = 4A5B0A962A4B2FCD007BB697 /* Build configuration list for PBXNativeTarget "complete_shopping" */;
			buildPhases = (
				4A5B0A682A4B2FCC007BB697 /* Sources */,
				4A5B0A692A4B2FCC007BB697 /* Frameworks */,
				4A5B0A6A2A4B2FCC007BB697 /* Resources */,
			);
			buildRules = (
			);
			dependencies = (
			);
			name = complete_shopping;
			productName = complete_shopping;
			productReference = 4A5B0A6C2A4B2FCC007BB697 /* complete_shopping.app */;
			productType = "com.apple.product-type.application";
		};
		4A5B0A812A4B2FCD007BB697 /* complete_shoppingTests */ = {
			isa = PBXNativeTarget;
			buildConfigurationList = 4A5B0A992A4B2FCD007BB697 /* Build configuration list for PBXNativeTarget "complete_shoppingTests" */;
			buildPhases = (
				4A5B0A7E2A4B2FCD007BB697 /* Sources */,
				4A5B0A7F2A4B2FCD007BB697 /* Frameworks */,
				4A5B0A802A4B2FCD007BB697 /* Resources */,
			);
			buildRules = (
			);
			dependencies = (
				4A5B0A842A4B2FCD007BB697 /* PBXTargetDependency */,
			);
			name = complete_shoppingTests;
			productName = complete_shoppingTests;
			productReference = 4A5B0A822A4B2FCD007BB697 /* complete_shoppingTests.xctest */;
			productType = "com.apple.product-type.bundle.unit-test";
		};
		4A5B0A8B2A4B2FCD007BB697 /* complete_shoppingUITests */ = {
			isa = PBXNativeTarget;
			buildConfigurationList = 4A5B0A9C2A4B2FCD007BB697 /* Build configuration list for PBXNativeTarget "complete_shoppingUITests" */;
			buildPhases = (
				4A5B0A882A4B2FCD007BB697 /* Sources */,
				4A5B0A892A4B2FCD007BB697 /* Frameworks */,
				4A5B0A8A2A4B2FCD007BB697 /* Resources */,
			);
			buildRules = (
			);
			dependencies = (
				4A5B0A8E2A4B2FCD007BB697 /* PBXTargetDependency */,
			);
			name = complete_shoppingUITests;
			productName = complete_shoppingUITests;
			productReference = 4A5B0A8C2A4B2FCD007BB697 /* complete_shoppingUITests.xctest */;
			productType = "com.apple.product-type.bundle.ui-testing";
		};
/* End PBXNativeTarget section */

/* Begin PBXProject section */
		4A5B0A642A4B2FCC007BB697 /* Project object */ = {
			isa = PBXProject;
			attributes = {
				BuildIndependentTargetsInParallel = 1;
				LastSwiftUpdateCheck = 1430;
				LastUpgradeCheck = 1430;
				TargetAttributes = {
					4A5B0A6B2A4B2FCC007BB697 = {
						CreatedOnToolsVersion = 14.3.1;
					};
					4A5B0A812A4B2FCD007BB697 = {
						CreatedOnToolsVersion = 14.3.1;
						TestTargetID = 4A5B0A6B2A4B2FCC007BB697;
					};
					4A5B0A8B2A4B2FCD007BB697 = {
						CreatedOnToolsVersion = 14.3.1;
						TestTargetID = 4A5B0A6B2A4B2FCC007BB697;
					};
				};
			};
			buildConfigurationList = 4A5B0A672A4B2FCC007BB697 /* Build configuration list for PBXProject "complete_shopping" */;
			compatibilityVersion = "Xcode 14.0";
			developmentRegion = en;
			hasScannedForEncodings = 0;
			knownRegions = (
				en,
				Base,
			);
			mainGroup = 4A5B0A632A4B2FCC007BB697;
			productRefGroup = 4A5B0A6D2A4B2FCC007BB697 /* Products */;
			projectDirPath = "";
			projectRoot = "";
			targets = (
				4A5B0A6B2A4B2FCC007BB697 /* complete_shopping */,
				4A5B0A812A4B2FCD007BB697 /* complete_shoppingTests */,
				4A5B0A8B2A4B2FCD007BB697 /* complete_shoppingUITests */,
			);
		};
/* End PBXProject section */

/* Begin PBXResourcesBuildPhase section */
		4A5B0A6A2A4B2FCC007BB697 /* Resources */ = {
			isa = PBXResourcesBuildPhase;
			buildActionMask = 2147483647;
			files = (
				4A5B0A7C2A4B2FCC007BB697 /* LaunchScreen.storyboard in Resources */,
				4A5B0A792A4B2FCC007BB697 /* Assets.xcassets in Resources */,
				4A5B0A772A4B2FCC007BB697 /* Main.storyboard in Resources */,
			);
			runOnlyForDeploymentPostprocessing = 0;
		};
		4A5B0A802A4B2FCD007BB697 /* Resources */ = {
			isa = PBXResourcesBuildPhase;
			buildActionMask = 2147483647;
			files = (
			);
			runOnlyForDeploymentPostprocessing = 0;
		};
		4A5B0A8A2A4B2FCD007BB697 /* Resources */ = {
			isa = PBXResourcesBuildPhase;
			buildActionMask = 2147483647;
			files = (
			);
			runOnlyForDeploymentPostprocessing = 0;
		};
/* End PBXResourcesBuildPhase section */

/* Begin PBXSourcesBuildPhase section */
		4A5B0A682A4B2FCC007BB697 /* Sources */ = {
			isa = PBXSourcesBuildPhase;
			buildActionMask = 2147483647;
			files = (
				4A5B0A742A4B2FCC007BB697 /* ViewController.swift in Sources */,
				4A5B0A702A4B2FCC007BB697 /* AppDelegate.swift in Sources */,
				4A5B0A722A4B2FCC007BB697 /* SceneDelegate.swift in Sources */,
			);
			runOnlyForDeploymentPostprocessing = 0;
		};
		4A5B0A7E2A4B2FCD007BB697 /* Sources */ = {
			isa = PBXSourcesBuildPhase;
			buildActionMask = 2147483647;
			files = (
				4A5B0A872A4B2FCD007BB697 /* complete_shoppingTests.swift in Sources */,
			);
			runOnlyForDeploymentPostprocessing = 0;
		};
		4A5B0A882A4B2FCD007BB697 /* Sources */ = {
			isa = PBXSourcesBuildPhase;
			buildActionMask = 2147483647;
			files = (
				4A5B0A912A4B2FCD007BB697 /* complete_shoppingUITests.swift in Sources */,
				4A5B0A932A4B2FCD007BB697 /* complete_shoppingUITestsLaunchTests.swift in Sources */,
			);
			runOnlyForDeploymentPostprocessing = 0;
		};
/* End PBXSourcesBuildPhase section */

/* Begin PBXTargetDependency section */
		4A5B0A842A4B2FCD007BB697 /* PBXTargetDependency */ = {
			isa = PBXTargetDependency;
			target = 4A5B0A6B2A4B2FCC007BB697 /* complete_shopping */;
			targetProxy = 4A5B0A832A4B2FCD007BB697 /* PBXContainerItemProxy */;
		};
		4A5B0A8E2A4B2FCD007BB697 /* PBXTargetDependency */ = {
			isa = PBXTargetDependency;
			target = 4A5B0A6B2A4B2FCC007BB697 /* complete_shopping */;
			targetProxy = 4A5B0A8D2A4B2FCD007BB697 /* PBXContainerItemProxy */;
		};
/* End PBXTargetDependency section */

/* Begin PBXVariantGroup section */
		4A5B0A752A4B2FCC007BB697 /* Main.storyboard */ = {
			isa = PBXVariantGroup;
			children = (
				4A5B0A762A4B2FCC007BB697 /* Base */,
			);
			name = Main.storyboard;
			sourceTree = "<group>";
		};
		4A5B0A7A2A4B2FCC007BB697 /* LaunchScreen.storyboard */ = {
			isa = PBXVariantGroup;
			children = (
				4A5B0A7B2A4B2FCC007BB697 /* Base */,
			);
			name = LaunchScreen.storyboard;
			sourceTree = "<group>";
		};
/* End PBXVariantGroup section */

/* Begin XCBuildConfiguration section */
		4A5B0A942A4B2FCD007BB697 /* Debug */ = {
			isa = XCBuildConfiguration;
			buildSettings = {
				ALWAYS_SEARCH_USER_PATHS = NO;
				CLANG_ANALYZER_NONNULL = YES;
				CLANG_ANALYZER_NUMBER_OBJECT_CONVERSION = YES_AGGRESSIVE;
				CLANG_CXX_LANGUAGE_STANDARD = "gnu++20";
				CLANG_ENABLE_MODULES = YES;
				CLANG_ENABLE_OBJC_ARC = YES;
				CLANG_ENABLE_OBJC_WEAK = YES;
				CLANG_WARN_BLOCK_CAPTURE_AUTORELEASING = YES;
				CLANG_WARN_BOOL_CONVERSION = YES;
				CLANG_WARN_COMMA = YES;
				CLANG_WARN_CONSTANT_CONVERSION = YES;
				CLANG_WARN_DEPRECATED_OBJC_IMPLEMENTATIONS = YES;
				CLANG_WARN_DIRECT_OBJC_ISA_USAGE = YES_ERROR;
				CLANG_WARN_DOCUMENTATION_COMMENTS = YES;
				CLANG_WARN_EMPTY_BODY = YES;
				CLANG_WARN_ENUM_CONVERSION = YES;
				CLANG_WARN_INFINITE_RECURSION = YES;
				CLANG_WARN_INT_CONVERSION = YES;
				CLANG_WARN_NON_LITERAL_NULL_CONVERSION = YES;
				CLANG_WARN_OBJC_IMPLICIT_RETAIN_SELF = YES;
				CLANG_WARN_OBJC_LITERAL_CONVERSION = YES;
				CLANG_WARN_OBJC_ROOT_CLASS = YES_ERROR;
				CLANG_WARN_QUOTED_INCLUDE_IN_FRAMEWORK_HEADER = YES;
				CLANG_WARN_RANGE_LOOP_ANALYSIS = YES;
				CLANG_WARN_STRICT_PROTOTYPES = YES;
				CLANG_WARN_SUSPICIOUS_MOVE = YES;
				CLANG_WARN_UNGUARDED_AVAILABILITY = YES_AGGRESSIVE;
				CLANG_WARN_UNREACHABLE_CODE = YES;
				CLANG_WARN__DUPLICATE_METHOD_MATCH = YES;
				COPY_PHASE_STRIP = NO;
				DEBUG_INFORMATION_FORMAT = dwarf;
				ENABLE_STRICT_OBJC_MSGSEND = YES;
				ENABLE_TESTABILITY = YES;
				GCC_C_LANGUAGE_STANDARD = gnu11;
				GCC_DYNAMIC_NO_PIC = NO;
				GCC_NO_COMMON_BLOCKS = YES;
				GCC_OPTIMIZATION_LEVEL = 0;
				GCC_PREPROCESSOR_DEFINITIONS = (
					"DEBUG=1",
					"$(inherited)",
				);
				GCC_WARN_64_TO_32_BIT_CONVERSION = YES;
				GCC_WARN_ABOUT_RETURN_TYPE = YES_ERROR;
				GCC_WARN_UNDECLARED_SELECTOR = YES;
				GCC_WARN_UNINITIALIZED_AUTOS = YES_AGGRESSIVE;
				GCC_WARN_UNUSED_FUNCTION = YES;
				GCC_WARN_UNUSED_VARIABLE = YES;
				IPHONEOS_DEPLOYMENT_TARGET = 16.4;
				MTL_ENABLE_DEBUG_INFO = INCLUDE_SOURCE;
				MTL_FAST_MATH = YES;
				ONLY_ACTIVE_ARCH = YES;
				SDKROOT = iphoneos;
				SWIFT_ACTIVE_COMPILATION_CONDITIONS = DEBUG;
				SWIFT_OPTIMIZATION_LEVEL = "-Onone";
			};
			name = Debug;
		};
		4A5B0A952A4B2FCD007BB697 /* Release */ = {
			isa = XCBuildConfiguration;
			buildSettings = {
				ALWAYS_SEARCH_USER_PATHS = NO;
				CLANG_ANALYZER_NONNULL = YES;
				CLANG_ANALYZER_NUMBER_OBJECT_CONVERSION = YES_AGGRESSIVE;
				CLANG_CXX_LANGUAGE_STANDARD = "gnu++20";
				CLANG_ENABLE_MODULES = YES;
				CLANG_ENABLE_OBJC_ARC = YES;
				CLANG_ENABLE_OBJC_WEAK = YES;
				CLANG_WARN_BLOCK_CAPTURE_AUTORELEASING = YES;
				CLANG_WARN_BOOL_CONVERSION = YES;
				CLANG_WARN_COMMA = YES;
				CLANG_WARN_CONSTANT_CONVERSION = YES;
				CLANG_WARN_DEPRECATED_OBJC_IMPLEMENTATIONS = YES;
				CLANG_WARN_DIRECT_OBJC_ISA_USAGE = YES_ERROR;
				CLANG_WARN_DOCUMENTATION_COMMENTS = YES;
				CLANG_WARN_EMPTY_BODY = YES;
				CLANG_WARN_ENUM_CONVERSION = YES;
				CLANG_WARN_INFINITE_RECURSION = YES;
				CLANG_WARN_INT_CONVERSION = YES;
				CLANG_WARN_NON_LITERAL_NULL_CONVERSION = YES;
				CLANG_WARN_OBJC_IMPLICIT_RETAIN_SELF = YES;
				CLANG_WARN_OBJC_LITERAL_CONVERSION = YES;
				CLANG_WARN_OBJC_ROOT_CLASS = YES_ERROR;
				CLANG_WARN_QUOTED_INCLUDE_IN_FRAMEWORK_HEADER = YES;
				CLANG_WARN_RANGE_LOOP_ANALYSIS = YES;
				CLANG_WARN_STRICT_PROTOTYPES = YES;
				CLANG_WARN_SUSPICIOUS_MOVE = YES;
				CLANG_WARN_UNGUARDED_AVAILABILITY = YES_AGGRESSIVE;
				CLANG_WARN_UNREACHABLE_CODE = YES;
				CLANG_WARN__DUPLICATE_METHOD_MATCH = YES;
				COPY_PHASE_STRIP = NO;
				DEBUG_INFORMATION_FORMAT = "dwarf-with-dsym";
				ENABLE_NS_ASSERTIONS = NO;
				ENABLE_STRICT_OBJC_MSGSEND = YES;
				GCC_C_LANGUAGE_STANDARD = gnu11;
				GCC_NO_COMMON_BLOCKS = YES;
				GCC_WARN_64_TO_32_BIT_CONVERSION = YES;
				GCC_WARN_ABOUT_RETURN_TYPE = YES_ERROR;
				GCC_WARN_UNDECLARED_SELECTOR = YES;
				GCC_WARN_UNINITIALIZED_AUTOS = YES_AGGRESSIVE;
				GCC_WARN_UNUSED_FUNCTION = YES;
				GCC_WARN_UNUSED_VARIABLE = YES;
				IPHONEOS_DEPLOYMENT_TARGET = 16.4;
				MTL_ENABLE_DEBUG_INFO = NO;
				MTL_FAST_MATH = YES;
				SDKROOT = iphoneos;
				SWIFT_COMPILATION_MODE = wholemodule;
				SWIFT_OPTIMIZATION_LEVEL = "-O";
				VALIDATE_PRODUCT = YES;
			};
			name = Release;
		};
		4A5B0A972A4B2FCD007BB697 /* Debug */ = {
			isa = XCBuildConfiguration;
			buildSettings = {
				ASSETCATALOG_COMPILER_APPICON_NAME = AppIcon;
				ASSETCATALOG_COMPILER_GLOBAL_ACCENT_COLOR_NAME = AccentColor;
				CODE_SIGN_STYLE = Automatic;
				CURRENT_PROJECT_VERSION = 1;
				DEVELOPMENT_TEAM = SS7U83UJNK;
				GENERATE_INFOPLIST_FILE = YES;
				INFOPLIST_FILE = complete_shopping/Info.plist;
				INFOPLIST_KEY_UIApplicationSupportsIndirectInputEvents = YES;
				INFOPLIST_KEY_UILaunchStoryboardName = LaunchScreen;
				INFOPLIST_KEY_UIMainStoryboardFile = Main;
				INFOPLIST_KEY_UISupportedInterfaceOrientations_iPad = "UIInterfaceOrientationPortrait UIInterfaceOrientationPortraitUpsideDown UIInterfaceOrientationLandscapeLeft UIInterfaceOrientationLandscapeRight";
				INFOPLIST_KEY_UISupportedInterfaceOrientations_iPhone = "UIInterfaceOrientationPortrait UIInterfaceOrientationLandscapeLeft UIInterfaceOrientationLandscapeRight";
				LD_RUNPATH_SEARCH_PATHS = (
					"$(inherited)",
					"@executable_path/Frameworks",
				);
				MARKETING_VERSION = 1.0;
				PRODUCT_BUNDLE_IDENTIFIER = "com.jake.complete-shopping";
				PRODUCT_NAME = "$(TARGET_NAME)";
				SWIFT_EMIT_LOC_STRINGS = YES;
				SWIFT_VERSION = 5.0;
				TARGETED_DEVICE_FAMILY = "1,2";
			};
			name = Debug;
		};
		4A5B0A982A4B2FCD007BB697 /* Release */ = {
			isa = XCBuildConfiguration;
			buildSettings = {
				ASSETCATALOG_COMPILER_APPICON_NAME = AppIcon;
				ASSETCATALOG_COMPILER_GLOBAL_ACCENT_COLOR_NAME = AccentColor;
				CODE_SIGN_STYLE = Automatic;
				CURRENT_PROJECT_VERSION = 1;
				DEVELOPMENT_TEAM = SS7U83UJNK;
				GENERATE_INFOPLIST_FILE = YES;
				INFOPLIST_FILE = complete_shopping/Info.plist;
				INFOPLIST_KEY_UIApplicationSupportsIndirectInputEvents = YES;
				INFOPLIST_KEY_UILaunchStoryboardName = LaunchScreen;
				INFOPLIST_KEY_UIMainStoryboardFile = Main;
				INFOPLIST_KEY_UISupportedInterfaceOrientations_iPad = "UIInterfaceOrientationPortrait UIInterfaceOrientationPortraitUpsideDown UIInterfaceOrientationLandscapeLeft UIInterfaceOrientationLandscapeRight";
				INFOPLIST_KEY_UISupportedInterfaceOrientations_iPhone = "UIInterfaceOrientationPortrait UIInterfaceOrientationLandscapeLeft UIInterfaceOrientationLandscapeRight";
				LD_RUNPATH_SEARCH_PATHS = (
					"$(inherited)",
					"@executable_path/Frameworks",
				);
				MARKETING_VERSION = 1.0;
				PRODUCT_BUNDLE_IDENTIFIER = "com.jake.complete-shopping";
				PRODUCT_NAME = "$(TARGET_NAME)";
				SWIFT_EMIT_LOC_STRINGS = YES;
				SWIFT_VERSION = 5.0;
				TARGETED_DEVICE_FAMILY = "1,2";
			};
			name = Release;
		};
		4A5B0A9A2A4B2FCD007BB697 /* Debug */ = {
			isa = XCBuildConfiguration;
			buildSettings = {
				ALWAYS_EMBED_SWIFT_STANDARD_LIBRARIES = YES;
				BUNDLE_LOADER = "$(TEST_HOST)";
				CODE_SIGN_STYLE = Automatic;
				CURRENT_PROJECT_VERSION = 1;
				DEVELOPMENT_TEAM = SS7U83UJNK;
				GENERATE_INFOPLIST_FILE = YES;
				IPHONEOS_DEPLOYMENT_TARGET = 16.4;
				MARKETING_VERSION = 1.0;
				PRODUCT_BUNDLE_IDENTIFIER = "com.jake.complete-shoppingTests";
				PRODUCT_NAME = "$(TARGET_NAME)";
				SWIFT_EMIT_LOC_STRINGS = NO;
				SWIFT_VERSION = 5.0;
				TARGETED_DEVICE_FAMILY = "1,2";
				TEST_HOST = "$(BUILT_PRODUCTS_DIR)/complete_shopping.app/$(BUNDLE_EXECUTABLE_FOLDER_PATH)/complete_shopping";
			};
			name = Debug;
		};
		4A5B0A9B2A4B2FCD007BB697 /* Release */ = {
			isa = XCBuildConfiguration;
			buildSettings = {
				ALWAYS_EMBED_SWIFT_STANDARD_LIBRARIES = YES;
				BUNDLE_LOADER = "$(TEST_HOST)";
				CODE_SIGN_STYLE = Automatic;
				CURRENT_PROJECT_VERSION = 1;
				DEVELOPMENT_TEAM = SS7U83UJNK;
				GENERATE_INFOPLIST_FILE = YES;
				IPHONEOS_DEPLOYMENT_TARGET = 16.4;
				MARKETING_VERSION = 1.0;
				PRODUCT_BUNDLE_IDENTIFIER = "com.jake.complete-shoppingTests";
				PRODUCT_NAME = "$(TARGET_NAME)";
				SWIFT_EMIT_LOC_STRINGS = NO;
				SWIFT_VERSION = 5.0;
				TARGETED_DEVICE_FAMILY = "1,2";
				TEST_HOST = "$(BUILT_PRODUCTS_DIR)/complete_shopping.app/$(BUNDLE_EXECUTABLE_FOLDER_PATH)/complete_shopping";
			};
			name = Release;
		};
		4A5B0A9D2A4B2FCD007BB697 /* Debug */ = {
			isa = XCBuildConfiguration;
			buildSettings = {
				ALWAYS_EMBED_SWIFT_STANDARD_LIBRARIES = YES;
				CODE_SIGN_STYLE = Automatic;
				CURRENT_PROJECT_VERSION = 1;
				DEVELOPMENT_TEAM = SS7U83UJNK;
				GENERATE_INFOPLIST_FILE = YES;
				MARKETING_VERSION = 1.0;
				PRODUCT_BUNDLE_IDENTIFIER = "com.jake.complete-shoppingUITests";
				PRODUCT_NAME = "$(TARGET_NAME)";
				SWIFT_EMIT_LOC_STRINGS = NO;
				SWIFT_VERSION = 5.0;
				TARGETED_DEVICE_FAMILY = "1,2";
				TEST_TARGET_NAME = complete_shopping;
			};
			name = Debug;
		};
		4A5B0A9E2A4B2FCD007BB697 /* Release */ = {
			isa = XCBuildConfiguration;
			buildSettings = {
				ALWAYS_EMBED_SWIFT_STANDARD_LIBRARIES = YES;
				CODE_SIGN_STYLE = Automatic;
				CURRENT_PROJECT_VERSION = 1;
				DEVELOPMENT_TEAM = SS7U83UJNK;
				GENERATE_INFOPLIST_FILE = YES;
				MARKETING_VERSION = 1.0;
				PRODUCT_BUNDLE_IDENTIFIER = "com.jake.complete-shoppingUITests";
				PRODUCT_NAME = "$(TARGET_NAME)";
				SWIFT_EMIT_LOC_STRINGS = NO;
				SWIFT_VERSION = 5.0;
				TARGETED_DEVICE_FAMILY = "1,2";
				TEST_TARGET_NAME = complete_shopping;
			};
			name = Release;
		};
/* End XCBuildConfiguration section */

/* Begin XCConfigurationList section */
		4A5B0A672A4B2FCC007BB697 /* Build configuration list for PBXProject "complete_shopping" */ = {
			isa = XCConfigurationList;
			buildConfigurations = (
				4A5B0A942A4B2FCD007BB697 /* Debug */,
				4A5B0A952A4B2FCD007BB697 /* Release */,
			);
			defaultConfigurationIsVisible = 0;
			defaultConfigurationName = Release;
		};
		4A5B0A962A4B2FCD007BB697 /* Build configuration list for PBXNativeTarget "complete_shopping" */ = {
			isa = XCConfigurationList;
			buildConfigurations = (
				4A5B0A972A4B2FCD007BB697 /* Debug */,
				4A5B0A982A4B2FCD007BB697 /* Release */,
			);
			defaultConfigurationIsVisible = 0;
			defaultConfigurationName = Release;
		};
		4A5B0A992A4B2FCD007BB697 /* Build configuration list for PBXNativeTarget "complete_shoppingTests" */ = {
			isa = XCConfigurationList;
			buildConfigurations = (
				4A5B0A9A2A4B2FCD007BB697 /* Debug */,
				4A5B0A9B2A4B2FCD007BB697 /* Release */,
			);
			defaultConfigurationIsVisible = 0;
			defaultConfigurationName = Release;
		};
		4A5B0A9C2A4B2FCD007BB697 /* Build configuration list for PBXNativeTarget "complete_shoppingUITests" */ = {
			isa = XCConfigurationList;
			buildConfigurations = (
				4A5B0A9D2A4B2FCD007BB697 /* Debug */,
				4A5B0A9E2A4B2FCD007BB697 /* Release */,
			);
			defaultConfigurationIsVisible = 0;
			defaultConfigurationName = Release;
		};
/* End XCConfigurationList section */
	};
	rootObject = 4A5B0A642A4B2FCC007BB697 /* Project object */;
}
